// !$*UTF8*$!
{
	archiveVersion = 1;
	classes = {
	};
	objectVersion = 56;
	objects = {

/* Begin PBXBuildFile section */
		D2260B13295F1B8800E93500 /* MoviePageViewModel.swift in Sources */ = {isa = PBXBuildFile; fileRef = D2260B12295F1B8800E93500 /* MoviePageViewModel.swift */; };
		D2357DAC2949D18500F6EE12 /* SearchMovieViewController.swift in Sources */ = {isa = PBXBuildFile; fileRef = D2357DAA2949D18500F6EE12 /* SearchMovieViewController.swift */; };
		D2357DB12949D38A00F6EE12 /* MovieCell.swift in Sources */ = {isa = PBXBuildFile; fileRef = D2357DAF2949D38A00F6EE12 /* MovieCell.swift */; };
		D2357DB22949D38A00F6EE12 /* MovieCell.xib in Resources */ = {isa = PBXBuildFile; fileRef = D2357DB02949D38A00F6EE12 /* MovieCell.xib */; };
		D2357DB52949DBF500F6EE12 /* UIImageView+Extension.swift in Sources */ = {isa = PBXBuildFile; fileRef = D2357DB42949DBF500F6EE12 /* UIImageView+Extension.swift */; };
		D2357DB72949DC6D00F6EE12 /* Optional+Extension.swift in Sources */ = {isa = PBXBuildFile; fileRef = D2357DB62949DC6D00F6EE12 /* Optional+Extension.swift */; };
		D2357DB92949FFAE00F6EE12 /* MovieSearch.swift in Sources */ = {isa = PBXBuildFile; fileRef = D2357DB82949FFAE00F6EE12 /* MovieSearch.swift */; };
		D245DF9829A7801D0021027C /* MoviePageViewController.swift in Sources */ = {isa = PBXBuildFile; fileRef = D245DF9629A7801D0021027C /* MoviePageViewController.swift */; };
		D245DF9929A7801D0021027C /* MoviePageViewController.xib in Resources */ = {isa = PBXBuildFile; fileRef = D245DF9729A7801D0021027C /* MoviePageViewController.xib */; };
		D2570BCF294C703C00E857FD /* MovieDetails.swift in Sources */ = {isa = PBXBuildFile; fileRef = D2570BCE294C703C00E857FD /* MovieDetails.swift */; };
		D2570BD1294C736D00E857FD /* Plot.swift in Sources */ = {isa = PBXBuildFile; fileRef = D2570BD0294C736D00E857FD /* Plot.swift */; };
		D2570BD3294C740200E857FD /* String+Extension.swift in Sources */ = {isa = PBXBuildFile; fileRef = D2570BD2294C740200E857FD /* String+Extension.swift */; };
		D2570BD5295070FB00E857FD /* ViewModelFabric.swift in Sources */ = {isa = PBXBuildFile; fileRef = D2570BD4295070FB00E857FD /* ViewModelFabric.swift */; };
		D2570BDD295090F400E857FD /* MainCoordinatior.swift in Sources */ = {isa = PBXBuildFile; fileRef = D2570BDC295090F400E857FD /* MainCoordinatior.swift */; };
		D2570BDF2951BF4B00E857FD /* SearchMovieViewController.xib in Resources */ = {isa = PBXBuildFile; fileRef = D2570BDE2951BF4B00E857FD /* SearchMovieViewController.xib */; };
		D2570BE22951CF9B00E857FD /* SearchMovieCoordinator.swift in Sources */ = {isa = PBXBuildFile; fileRef = D2570BE12951CF9B00E857FD /* SearchMovieCoordinator.swift */; };
		D2570BE42951D47D00E857FD /* MoviePageCoordinator.swift in Sources */ = {isa = PBXBuildFile; fileRef = D2570BE32951D47D00E857FD /* MoviePageCoordinator.swift */; };
		D2AF047629487ACE0001C92A /* NetworkService.swift in Sources */ = {isa = PBXBuildFile; fileRef = D2AF047529487ACE0001C92A /* NetworkService.swift */; };
		D2AF047829487B4C0001C92A /* OMDBEndpoint.swift in Sources */ = {isa = PBXBuildFile; fileRef = D2AF047729487B4C0001C92A /* OMDBEndpoint.swift */; };
		D2AF047B294889F20001C92A /* Rating.swift in Sources */ = {isa = PBXBuildFile; fileRef = D2AF047A294889F20001C92A /* Rating.swift */; };
		D2AF047D29488A040001C92A /* Movie.swift in Sources */ = {isa = PBXBuildFile; fileRef = D2AF047C29488A040001C92A /* Movie.swift */; };
		D2AF047F29488D280001C92A /* NetworkParser.swift in Sources */ = {isa = PBXBuildFile; fileRef = D2AF047E29488D280001C92A /* NetworkParser.swift */; };
		D2AF0482294891510001C92A /* RequestError.swift in Sources */ = {isa = PBXBuildFile; fileRef = D2AF0481294891510001C92A /* RequestError.swift */; };
		D2AF048429489C7B0001C92A /* SearchMovieViewModel.swift in Sources */ = {isa = PBXBuildFile; fileRef = D2AF048329489C7B0001C92A /* SearchMovieViewModel.swift */; };
		D2AF048629489CEA0001C92A /* MovieService.swift in Sources */ = {isa = PBXBuildFile; fileRef = D2AF048529489CEA0001C92A /* MovieService.swift */; };
		D2B0D0292947640B0025B7E7 /* AppDelegate.swift in Sources */ = {isa = PBXBuildFile; fileRef = D2B0D0282947640B0025B7E7 /* AppDelegate.swift */; };
		D2B0D02B2947640B0025B7E7 /* SceneDelegate.swift in Sources */ = {isa = PBXBuildFile; fileRef = D2B0D02A2947640B0025B7E7 /* SceneDelegate.swift */; };
		D2B0D0302947640B0025B7E7 /* Main.storyboard in Resources */ = {isa = PBXBuildFile; fileRef = D2B0D02E2947640B0025B7E7 /* Main.storyboard */; };
		D2B0D0322947640E0025B7E7 /* Assets.xcassets in Resources */ = {isa = PBXBuildFile; fileRef = D2B0D0312947640E0025B7E7 /* Assets.xcassets */; };
		D2B0D0352947640E0025B7E7 /* LaunchScreen.storyboard in Resources */ = {isa = PBXBuildFile; fileRef = D2B0D0332947640E0025B7E7 /* LaunchScreen.storyboard */; };
/* End PBXBuildFile section */

/* Begin PBXFileReference section */
		D2260B12295F1B8800E93500 /* MoviePageViewModel.swift */ = {isa = PBXFileReference; lastKnownFileType = sourcecode.swift; path = MoviePageViewModel.swift; sourceTree = "<group>"; };
		D2357DAA2949D18500F6EE12 /* SearchMovieViewController.swift */ = {isa = PBXFileReference; lastKnownFileType = sourcecode.swift; path = SearchMovieViewController.swift; sourceTree = "<group>"; };
		D2357DAF2949D38A00F6EE12 /* MovieCell.swift */ = {isa = PBXFileReference; lastKnownFileType = sourcecode.swift; path = MovieCell.swift; sourceTree = "<group>"; };
		D2357DB02949D38A00F6EE12 /* MovieCell.xib */ = {isa = PBXFileReference; lastKnownFileType = file.xib; path = MovieCell.xib; sourceTree = "<group>"; };
		D2357DB42949DBF500F6EE12 /* UIImageView+Extension.swift */ = {isa = PBXFileReference; lastKnownFileType = sourcecode.swift; path = "UIImageView+Extension.swift"; sourceTree = "<group>"; };
		D2357DB62949DC6D00F6EE12 /* Optional+Extension.swift */ = {isa = PBXFileReference; lastKnownFileType = sourcecode.swift; path = "Optional+Extension.swift"; sourceTree = "<group>"; };
		D2357DB82949FFAE00F6EE12 /* MovieSearch.swift */ = {isa = PBXFileReference; lastKnownFileType = sourcecode.swift; path = MovieSearch.swift; sourceTree = "<group>"; };
		D245DF9629A7801D0021027C /* MoviePageViewController.swift */ = {isa = PBXFileReference; lastKnownFileType = sourcecode.swift; path = MoviePageViewController.swift; sourceTree = "<group>"; };
		D245DF9729A7801D0021027C /* MoviePageViewController.xib */ = {isa = PBXFileReference; lastKnownFileType = file.xib; path = MoviePageViewController.xib; sourceTree = "<group>"; };
		D2570BCE294C703C00E857FD /* MovieDetails.swift */ = {isa = PBXFileReference; lastKnownFileType = sourcecode.swift; path = MovieDetails.swift; sourceTree = "<group>"; };
		D2570BD0294C736D00E857FD /* Plot.swift */ = {isa = PBXFileReference; lastKnownFileType = sourcecode.swift; path = Plot.swift; sourceTree = "<group>"; };
		D2570BD2294C740200E857FD /* String+Extension.swift */ = {isa = PBXFileReference; lastKnownFileType = sourcecode.swift; path = "String+Extension.swift"; sourceTree = "<group>"; };
		D2570BD4295070FB00E857FD /* ViewModelFabric.swift */ = {isa = PBXFileReference; lastKnownFileType = sourcecode.swift; path = ViewModelFabric.swift; sourceTree = "<group>"; };
		D2570BDC295090F400E857FD /* MainCoordinatior.swift */ = {isa = PBXFileReference; lastKnownFileType = sourcecode.swift; path = MainCoordinatior.swift; sourceTree = "<group>"; };
		D2570BDE2951BF4B00E857FD /* SearchMovieViewController.xib */ = {isa = PBXFileReference; lastKnownFileType = file.xib; path = SearchMovieViewController.xib; sourceTree = "<group>"; };
		D2570BE12951CF9B00E857FD /* SearchMovieCoordinator.swift */ = {isa = PBXFileReference; lastKnownFileType = sourcecode.swift; path = SearchMovieCoordinator.swift; sourceTree = "<group>"; };
		D2570BE32951D47D00E857FD /* MoviePageCoordinator.swift */ = {isa = PBXFileReference; lastKnownFileType = sourcecode.swift; path = MoviePageCoordinator.swift; sourceTree = "<group>"; };
		D2AF047529487ACE0001C92A /* NetworkService.swift */ = {isa = PBXFileReference; lastKnownFileType = sourcecode.swift; path = NetworkService.swift; sourceTree = "<group>"; };
		D2AF047729487B4C0001C92A /* OMDBEndpoint.swift */ = {isa = PBXFileReference; lastKnownFileType = sourcecode.swift; path = OMDBEndpoint.swift; sourceTree = "<group>"; };
		D2AF047A294889F20001C92A /* Rating.swift */ = {isa = PBXFileReference; lastKnownFileType = sourcecode.swift; path = Rating.swift; sourceTree = "<group>"; };
		D2AF047C29488A040001C92A /* Movie.swift */ = {isa = PBXFileReference; lastKnownFileType = sourcecode.swift; path = Movie.swift; sourceTree = "<group>"; };
		D2AF047E29488D280001C92A /* NetworkParser.swift */ = {isa = PBXFileReference; lastKnownFileType = sourcecode.swift; path = NetworkParser.swift; sourceTree = "<group>"; };
		D2AF0481294891510001C92A /* RequestError.swift */ = {isa = PBXFileReference; lastKnownFileType = sourcecode.swift; path = RequestError.swift; sourceTree = "<group>"; };
		D2AF048329489C7B0001C92A /* SearchMovieViewModel.swift */ = {isa = PBXFileReference; lastKnownFileType = sourcecode.swift; path = SearchMovieViewModel.swift; sourceTree = "<group>"; };
		D2AF048529489CEA0001C92A /* MovieService.swift */ = {isa = PBXFileReference; lastKnownFileType = sourcecode.swift; path = MovieService.swift; sourceTree = "<group>"; };
		D2B0D0252947640B0025B7E7 /* MovieApp.app */ = {isa = PBXFileReference; explicitFileType = wrapper.application; includeInIndex = 0; path = MovieApp.app; sourceTree = BUILT_PRODUCTS_DIR; };
		D2B0D0282947640B0025B7E7 /* AppDelegate.swift */ = {isa = PBXFileReference; lastKnownFileType = sourcecode.swift; path = AppDelegate.swift; sourceTree = "<group>"; };
		D2B0D02A2947640B0025B7E7 /* SceneDelegate.swift */ = {isa = PBXFileReference; lastKnownFileType = sourcecode.swift; path = SceneDelegate.swift; sourceTree = "<group>"; };
		D2B0D02F2947640B0025B7E7 /* Base */ = {isa = PBXFileReference; lastKnownFileType = file.storyboard; name = Base; path = Base.lproj/Main.storyboard; sourceTree = "<group>"; };
		D2B0D0312947640E0025B7E7 /* Assets.xcassets */ = {isa = PBXFileReference; lastKnownFileType = folder.assetcatalog; path = Assets.xcassets; sourceTree = "<group>"; };
		D2B0D0342947640E0025B7E7 /* Base */ = {isa = PBXFileReference; lastKnownFileType = file.storyboard; name = Base; path = Base.lproj/LaunchScreen.storyboard; sourceTree = "<group>"; };
		D2B0D0362947640E0025B7E7 /* Info.plist */ = {isa = PBXFileReference; lastKnownFileType = text.plist.xml; path = Info.plist; sourceTree = "<group>"; };
/* End PBXFileReference section */

/* Begin PBXFrameworksBuildPhase section */
		D2B0D0222947640B0025B7E7 /* Frameworks */ = {
			isa = PBXFrameworksBuildPhase;
			buildActionMask = 2147483647;
			files = (
			);
			runOnlyForDeploymentPostprocessing = 0;
		};
/* End PBXFrameworksBuildPhase section */

/* Begin PBXGroup section */
		D2357DAE2949D34C00F6EE12 /* Custom Elements */ = {
			isa = PBXGroup;
			children = (
				D2357DAF2949D38A00F6EE12 /* MovieCell.swift */,
				D2357DB02949D38A00F6EE12 /* MovieCell.xib */,
			);
			path = "Custom Elements";
			sourceTree = "<group>";
		};
		D2357DB32949DBD600F6EE12 /* Extensions */ = {
			isa = PBXGroup;
			children = (
				D2357DB42949DBF500F6EE12 /* UIImageView+Extension.swift */,
				D2357DB62949DC6D00F6EE12 /* Optional+Extension.swift */,
				D2570BD2294C740200E857FD /* String+Extension.swift */,
			);
			path = Extensions;
			sourceTree = "<group>";
		};
		D2570BE02951CF5800E857FD /* Coordinators */ = {
			isa = PBXGroup;
			children = (
				D2570BDC295090F400E857FD /* MainCoordinatior.swift */,
				D2570BE12951CF9B00E857FD /* SearchMovieCoordinator.swift */,
				D2570BE32951D47D00E857FD /* MoviePageCoordinator.swift */,
			);
			path = Coordinators;
			sourceTree = "<group>";
		};
		D2AF047029487A6E0001C92A /* Models */ = {
			isa = PBXGroup;
			children = (
				D2AF047A294889F20001C92A /* Rating.swift */,
				D2AF047C29488A040001C92A /* Movie.swift */,
				D2357DB82949FFAE00F6EE12 /* MovieSearch.swift */,
				D2570BCE294C703C00E857FD /* MovieDetails.swift */,
				D2570BD0294C736D00E857FD /* Plot.swift */,
			);
			path = Models;
			sourceTree = "<group>";
		};
		D2AF047129487A7E0001C92A /* ViewModels */ = {
			isa = PBXGroup;
			children = (
				D2AF048329489C7B0001C92A /* SearchMovieViewModel.swift */,
				D2260B12295F1B8800E93500 /* MoviePageViewModel.swift */,
				D2570BD4295070FB00E857FD /* ViewModelFabric.swift */,
			);
			path = ViewModels;
			sourceTree = "<group>";
		};
		D2AF047229487A8C0001C92A /* Views */ = {
			isa = PBXGroup;
			children = (
				D2357DAE2949D34C00F6EE12 /* Custom Elements */,
				D2357DAA2949D18500F6EE12 /* SearchMovieViewController.swift */,
				D2570BDE2951BF4B00E857FD /* SearchMovieViewController.xib */,
				D245DF9629A7801D0021027C /* MoviePageViewController.swift */,
				D245DF9729A7801D0021027C /* MoviePageViewController.xib */,
			);
			path = Views;
			sourceTree = "<group>";
		};
		D2AF047329487A950001C92A /* Network */ = {
			isa = PBXGroup;
			children = (
				D2AF04802948913D0001C92A /* Errors */,
				D2AF047929487B7F0001C92A /* Services */,
				D2AF047429487AA90001C92A /* Endpoints */,
			);
			path = Network;
			sourceTree = "<group>";
		};
		D2AF047429487AA90001C92A /* Endpoints */ = {
			isa = PBXGroup;
			children = (
				D2AF047729487B4C0001C92A /* OMDBEndpoint.swift */,
			);
			path = Endpoints;
			sourceTree = "<group>";
		};
		D2AF047929487B7F0001C92A /* Services */ = {
			isa = PBXGroup;
			children = (
				D2AF047529487ACE0001C92A /* NetworkService.swift */,
				D2AF047E29488D280001C92A /* NetworkParser.swift */,
				D2AF048529489CEA0001C92A /* MovieService.swift */,
			);
			path = Services;
			sourceTree = "<group>";
		};
		D2AF04802948913D0001C92A /* Errors */ = {
			isa = PBXGroup;
			children = (
				D2AF0481294891510001C92A /* RequestError.swift */,
			);
			path = Errors;
			sourceTree = "<group>";
		};
		D2B0D01C2947640B0025B7E7 = {
			isa = PBXGroup;
			children = (
				D2B0D0272947640B0025B7E7 /* MovieApp */,
				D2B0D0262947640B0025B7E7 /* Products */,
			);
			sourceTree = "<group>";
		};
		D2B0D0262947640B0025B7E7 /* Products */ = {
			isa = PBXGroup;
			children = (
				D2B0D0252947640B0025B7E7 /* MovieApp.app */,
			);
			name = Products;
			sourceTree = "<group>";
		};
		D2B0D0272947640B0025B7E7 /* MovieApp */ = {
			isa = PBXGroup;
			children = (
				D2570BE02951CF5800E857FD /* Coordinators */,
				D2357DB32949DBD600F6EE12 /* Extensions */,
				D2AF047329487A950001C92A /* Network */,
				D2AF047229487A8C0001C92A /* Views */,
				D2AF047129487A7E0001C92A /* ViewModels */,
				D2AF047029487A6E0001C92A /* Models */,
				D2B0D0282947640B0025B7E7 /* AppDelegate.swift */,
				D2B0D02A2947640B0025B7E7 /* SceneDelegate.swift */,
				D2B0D02E2947640B0025B7E7 /* Main.storyboard */,
				D2B0D0312947640E0025B7E7 /* Assets.xcassets */,
				D2B0D0332947640E0025B7E7 /* LaunchScreen.storyboard */,
				D2B0D0362947640E0025B7E7 /* Info.plist */,
			);
			path = MovieApp;
			sourceTree = "<group>";
		};
/* End PBXGroup section */

/* Begin PBXNativeTarget section */
		D2B0D0242947640B0025B7E7 /* MovieApp */ = {
			isa = PBXNativeTarget;
			buildConfigurationList = D2B0D0392947640E0025B7E7 /* Build configuration list for PBXNativeTarget "MovieApp" */;
			buildPhases = (
				D2B0D0212947640B0025B7E7 /* Sources */,
				D2B0D0222947640B0025B7E7 /* Frameworks */,
				D2B0D0232947640B0025B7E7 /* Resources */,
			);
			buildRules = (
			);
			dependencies = (
			);
			name = MovieApp;
			productName = MovieApp;
			productReference = D2B0D0252947640B0025B7E7 /* MovieApp.app */;
			productType = "com.apple.product-type.application";
		};
/* End PBXNativeTarget section */

/* Begin PBXProject section */
		D2B0D01D2947640B0025B7E7 /* Project object */ = {
			isa = PBXProject;
			attributes = {
				BuildIndependentTargetsInParallel = 1;
				LastSwiftUpdateCheck = 1410;
				LastUpgradeCheck = 1410;
				TargetAttributes = {
					D2B0D0242947640B0025B7E7 = {
						CreatedOnToolsVersion = 14.1;
					};
				};
			};
			buildConfigurationList = D2B0D0202947640B0025B7E7 /* Build configuration list for PBXProject "MovieApp" */;
			compatibilityVersion = "Xcode 14.0";
			developmentRegion = en;
			hasScannedForEncodings = 0;
			knownRegions = (
				en,
				Base,
			);
			mainGroup = D2B0D01C2947640B0025B7E7;
			productRefGroup = D2B0D0262947640B0025B7E7 /* Products */;
			projectDirPath = "";
			projectRoot = "";
			targets = (
				D2B0D0242947640B0025B7E7 /* MovieApp */,
			);
		};
/* End PBXProject section */

/* Begin PBXResourcesBuildPhase section */
		D2B0D0232947640B0025B7E7 /* Resources */ = {
			isa = PBXResourcesBuildPhase;
			buildActionMask = 2147483647;
			files = (
				D2B0D0352947640E0025B7E7 /* LaunchScreen.storyboard in Resources */,
				D2B0D0322947640E0025B7E7 /* Assets.xcassets in Resources */,
				D245DF9929A7801D0021027C /* MoviePageViewController.xib in Resources */,
				D2B0D0302947640B0025B7E7 /* Main.storyboard in Resources */,
				D2570BDF2951BF4B00E857FD /* SearchMovieViewController.xib in Resources */,
				D2357DB22949D38A00F6EE12 /* MovieCell.xib in Resources */,
			);
			runOnlyForDeploymentPostprocessing = 0;
		};
/* End PBXResourcesBuildPhase section */

/* Begin PBXSourcesBuildPhase section */
		D2B0D0212947640B0025B7E7 /* Sources */ = {
			isa = PBXSourcesBuildPhase;
			buildActionMask = 2147483647;
			files = (
				D2357DB12949D38A00F6EE12 /* MovieCell.swift in Sources */,
				D2AF047D29488A040001C92A /* Movie.swift in Sources */,
				D2357DB92949FFAE00F6EE12 /* MovieSearch.swift in Sources */,
				D2357DB52949DBF500F6EE12 /* UIImageView+Extension.swift in Sources */,
				D2AF048429489C7B0001C92A /* SearchMovieViewModel.swift in Sources */,
				D2AF047B294889F20001C92A /* Rating.swift in Sources */,
				D2570BE22951CF9B00E857FD /* SearchMovieCoordinator.swift in Sources */,
				D2570BD5295070FB00E857FD /* ViewModelFabric.swift in Sources */,
				D2AF047829487B4C0001C92A /* OMDBEndpoint.swift in Sources */,
				D2570BD3294C740200E857FD /* String+Extension.swift in Sources */,
				D2357DB72949DC6D00F6EE12 /* Optional+Extension.swift in Sources */,
				D2B0D0292947640B0025B7E7 /* AppDelegate.swift in Sources */,
				D245DF9829A7801D0021027C /* MoviePageViewController.swift in Sources */,
				D2357DAC2949D18500F6EE12 /* SearchMovieViewController.swift in Sources */,
				D2570BDD295090F400E857FD /* MainCoordinatior.swift in Sources */,
				D2AF047F29488D280001C92A /* NetworkParser.swift in Sources */,
				D2570BE42951D47D00E857FD /* MoviePageCoordinator.swift in Sources */,
				D2570BD1294C736D00E857FD /* Plot.swift in Sources */,
				D2AF047629487ACE0001C92A /* NetworkService.swift in Sources */,
				D2B0D02B2947640B0025B7E7 /* SceneDelegate.swift in Sources */,
				D2260B13295F1B8800E93500 /* MoviePageViewModel.swift in Sources */,
				D2AF0482294891510001C92A /* RequestError.swift in Sources */,
				D2AF048629489CEA0001C92A /* MovieService.swift in Sources */,
				D2570BCF294C703C00E857FD /* MovieDetails.swift in Sources */,
			);
			runOnlyForDeploymentPostprocessing = 0;
		};
/* End PBXSourcesBuildPhase section */

/* Begin PBXVariantGroup section */
		D2B0D02E2947640B0025B7E7 /* Main.storyboard */ = {
			isa = PBXVariantGroup;
			children = (
				D2B0D02F2947640B0025B7E7 /* Base */,
			);
			name = Main.storyboard;
			sourceTree = "<group>";
		};
		D2B0D0332947640E0025B7E7 /* LaunchScreen.storyboard */ = {
			isa = PBXVariantGroup;
			children = (
				D2B0D0342947640E0025B7E7 /* Base */,
			);
			name = LaunchScreen.storyboard;
			sourceTree = "<group>";
		};
/* End PBXVariantGroup section */

/* Begin XCBuildConfiguration section */
		D2B0D0372947640E0025B7E7 /* Debug */ = {
			isa = XCBuildConfiguration;
			buildSettings = {
				ALWAYS_SEARCH_USER_PATHS = NO;
				CLANG_ANALYZER_NONNULL = YES;
				CLANG_ANALYZER_NUMBER_OBJECT_CONVERSION = YES_AGGRESSIVE;
				CLANG_CXX_LANGUAGE_STANDARD = "gnu++20";
				CLANG_ENABLE_MODULES = YES;
				CLANG_ENABLE_OBJC_ARC = YES;
				CLANG_ENABLE_OBJC_WEAK = YES;
				CLANG_WARN_BLOCK_CAPTURE_AUTORELEASING = YES;
				CLANG_WARN_BOOL_CONVERSION = YES;
				CLANG_WARN_COMMA = YES;
				CLANG_WARN_CONSTANT_CONVERSION = YES;
				CLANG_WARN_DEPRECATED_OBJC_IMPLEMENTATIONS = YES;
				CLANG_WARN_DIRECT_OBJC_ISA_USAGE = YES_ERROR;
				CLANG_WARN_DOCUMENTATION_COMMENTS = YES;
				CLANG_WARN_EMPTY_BODY = YES;
				CLANG_WARN_ENUM_CONVERSION = YES;
				CLANG_WARN_INFINITE_RECURSION = YES;
				CLANG_WARN_INT_CONVERSION = YES;
				CLANG_WARN_NON_LITERAL_NULL_CONVERSION = YES;
				CLANG_WARN_OBJC_IMPLICIT_RETAIN_SELF = YES;
				CLANG_WARN_OBJC_LITERAL_CONVERSION = YES;
				CLANG_WARN_OBJC_ROOT_CLASS = YES_ERROR;
				CLANG_WARN_QUOTED_INCLUDE_IN_FRAMEWORK_HEADER = YES;
				CLANG_WARN_RANGE_LOOP_ANALYSIS = YES;
				CLANG_WARN_STRICT_PROTOTYPES = YES;
				CLANG_WARN_SUSPICIOUS_MOVE = YES;
				CLANG_WARN_UNGUARDED_AVAILABILITY = YES_AGGRESSIVE;
				CLANG_WARN_UNREACHABLE_CODE = YES;
				CLANG_WARN__DUPLICATE_METHOD_MATCH = YES;
				COPY_PHASE_STRIP = NO;
				DEBUG_INFORMATION_FORMAT = dwarf;
				ENABLE_STRICT_OBJC_MSGSEND = YES;
				ENABLE_TESTABILITY = YES;
				GCC_C_LANGUAGE_STANDARD = gnu11;
				GCC_DYNAMIC_NO_PIC = NO;
				GCC_NO_COMMON_BLOCKS = YES;
				GCC_OPTIMIZATION_LEVEL = 0;
				GCC_PREPROCESSOR_DEFINITIONS = (
					"DEBUG=1",
					"$(inherited)",
				);
				GCC_WARN_64_TO_32_BIT_CONVERSION = YES;
				GCC_WARN_ABOUT_RETURN_TYPE = YES_ERROR;
				GCC_WARN_UNDECLARED_SELECTOR = YES;
				GCC_WARN_UNINITIALIZED_AUTOS = YES_AGGRESSIVE;
				GCC_WARN_UNUSED_FUNCTION = YES;
				GCC_WARN_UNUSED_VARIABLE = YES;
				IPHONEOS_DEPLOYMENT_TARGET = 16.1;
				MTL_ENABLE_DEBUG_INFO = INCLUDE_SOURCE;
				MTL_FAST_MATH = YES;
				ONLY_ACTIVE_ARCH = YES;
				SDKROOT = iphoneos;
				SWIFT_ACTIVE_COMPILATION_CONDITIONS = DEBUG;
				SWIFT_OPTIMIZATION_LEVEL = "-Onone";
			};
			name = Debug;
		};
		D2B0D0382947640E0025B7E7 /* Release */ = {
			isa = XCBuildConfiguration;
			buildSettings = {
				ALWAYS_SEARCH_USER_PATHS = NO;
				CLANG_ANALYZER_NONNULL = YES;
				CLANG_ANALYZER_NUMBER_OBJECT_CONVERSION = YES_AGGRESSIVE;
				CLANG_CXX_LANGUAGE_STANDARD = "gnu++20";
				CLANG_ENABLE_MODULES = YES;
				CLANG_ENABLE_OBJC_ARC = YES;
				CLANG_ENABLE_OBJC_WEAK = YES;
				CLANG_WARN_BLOCK_CAPTURE_AUTORELEASING = YES;
				CLANG_WARN_BOOL_CONVERSION = YES;
				CLANG_WARN_COMMA = YES;
				CLANG_WARN_CONSTANT_CONVERSION = YES;
				CLANG_WARN_DEPRECATED_OBJC_IMPLEMENTATIONS = YES;
				CLANG_WARN_DIRECT_OBJC_ISA_USAGE = YES_ERROR;
				CLANG_WARN_DOCUMENTATION_COMMENTS = YES;
				CLANG_WARN_EMPTY_BODY = YES;
				CLANG_WARN_ENUM_CONVERSION = YES;
				CLANG_WARN_INFINITE_RECURSION = YES;
				CLANG_WARN_INT_CONVERSION = YES;
				CLANG_WARN_NON_LITERAL_NULL_CONVERSION = YES;
				CLANG_WARN_OBJC_IMPLICIT_RETAIN_SELF = YES;
				CLANG_WARN_OBJC_LITERAL_CONVERSION = YES;
				CLANG_WARN_OBJC_ROOT_CLASS = YES_ERROR;
				CLANG_WARN_QUOTED_INCLUDE_IN_FRAMEWORK_HEADER = YES;
				CLANG_WARN_RANGE_LOOP_ANALYSIS = YES;
				CLANG_WARN_STRICT_PROTOTYPES = YES;
				CLANG_WARN_SUSPICIOUS_MOVE = YES;
				CLANG_WARN_UNGUARDED_AVAILABILITY = YES_AGGRESSIVE;
				CLANG_WARN_UNREACHABLE_CODE = YES;
				CLANG_WARN__DUPLICATE_METHOD_MATCH = YES;
				COPY_PHASE_STRIP = NO;
				DEBUG_INFORMATION_FORMAT = "dwarf-with-dsym";
				ENABLE_NS_ASSERTIONS = NO;
				ENABLE_STRICT_OBJC_MSGSEND = YES;
				GCC_C_LANGUAGE_STANDARD = gnu11;
				GCC_NO_COMMON_BLOCKS = YES;
				GCC_WARN_64_TO_32_BIT_CONVERSION = YES;
				GCC_WARN_ABOUT_RETURN_TYPE = YES_ERROR;
				GCC_WARN_UNDECLARED_SELECTOR = YES;
				GCC_WARN_UNINITIALIZED_AUTOS = YES_AGGRESSIVE;
				GCC_WARN_UNUSED_FUNCTION = YES;
				GCC_WARN_UNUSED_VARIABLE = YES;
				IPHONEOS_DEPLOYMENT_TARGET = 16.1;
				MTL_ENABLE_DEBUG_INFO = NO;
				MTL_FAST_MATH = YES;
				SDKROOT = iphoneos;
				SWIFT_COMPILATION_MODE = wholemodule;
				SWIFT_OPTIMIZATION_LEVEL = "-O";
				VALIDATE_PRODUCT = YES;
			};
			name = Release;
		};
		D2B0D03A2947640E0025B7E7 /* Debug */ = {
			isa = XCBuildConfiguration;
			buildSettings = {
				ASSETCATALOG_COMPILER_APPICON_NAME = AppIcon;
				ASSETCATALOG_COMPILER_GLOBAL_ACCENT_COLOR_NAME = AccentColor;
				CODE_SIGN_STYLE = Automatic;
				CURRENT_PROJECT_VERSION = 1;
				DEVELOPMENT_TEAM = 6UL2YK5FHA;
				GENERATE_INFOPLIST_FILE = YES;
				INFOPLIST_FILE = MovieApp/Info.plist;
				INFOPLIST_KEY_UIApplicationSupportsIndirectInputEvents = YES;
				INFOPLIST_KEY_UILaunchStoryboardName = LaunchScreen;
				INFOPLIST_KEY_UIMainStoryboardFile = Main;
				INFOPLIST_KEY_UISupportedInterfaceOrientations_iPad = "UIInterfaceOrientationPortrait UIInterfaceOrientationPortraitUpsideDown UIInterfaceOrientationLandscapeLeft UIInterfaceOrientationLandscapeRight";
				INFOPLIST_KEY_UISupportedInterfaceOrientations_iPhone = "UIInterfaceOrientationPortrait UIInterfaceOrientationLandscapeLeft UIInterfaceOrientationLandscapeRight";
				LD_RUNPATH_SEARCH_PATHS = (
					"$(inherited)",
					"@executable_path/Frameworks",
				);
				MARKETING_VERSION = 1.0;
				PRODUCT_BUNDLE_IDENTIFIER = a.bobr.MovieApp;
				PRODUCT_NAME = "$(TARGET_NAME)";
				SWIFT_EMIT_LOC_STRINGS = YES;
				SWIFT_VERSION = 5.0;
				TARGETED_DEVICE_FAMILY = "1,2";
			};
			name = Debug;
		};
		D2B0D03B2947640E0025B7E7 /* Release */ = {
			isa = XCBuildConfiguration;
			buildSettings = {
				ASSETCATALOG_COMPILER_APPICON_NAME = AppIcon;
				ASSETCATALOG_COMPILER_GLOBAL_ACCENT_COLOR_NAME = AccentColor;
				CODE_SIGN_STYLE = Automatic;
				CURRENT_PROJECT_VERSION = 1;
				DEVELOPMENT_TEAM = 6UL2YK5FHA;
				GENERATE_INFOPLIST_FILE = YES;
				INFOPLIST_FILE = MovieApp/Info.plist;
				INFOPLIST_KEY_UIApplicationSupportsIndirectInputEvents = YES;
				INFOPLIST_KEY_UILaunchStoryboardName = LaunchScreen;
				INFOPLIST_KEY_UIMainStoryboardFile = Main;
				INFOPLIST_KEY_UISupportedInterfaceOrientations_iPad = "UIInterfaceOrientationPortrait UIInterfaceOrientationPortraitUpsideDown UIInterfaceOrientationLandscapeLeft UIInterfaceOrientationLandscapeRight";
				INFOPLIST_KEY_UISupportedInterfaceOrientations_iPhone = "UIInterfaceOrientationPortrait UIInterfaceOrientationLandscapeLeft UIInterfaceOrientationLandscapeRight";
				LD_RUNPATH_SEARCH_PATHS = (
					"$(inherited)",
					"@executable_path/Frameworks",
				);
				MARKETING_VERSION = 1.0;
				PRODUCT_BUNDLE_IDENTIFIER = a.bobr.MovieApp;
				PRODUCT_NAME = "$(TARGET_NAME)";
				SWIFT_EMIT_LOC_STRINGS = YES;
				SWIFT_VERSION = 5.0;
				TARGETED_DEVICE_FAMILY = "1,2";
			};
			name = Release;
		};
/* End XCBuildConfiguration section */

/* Begin XCConfigurationList section */
		D2B0D0202947640B0025B7E7 /* Build configuration list for PBXProject "MovieApp" */ = {
			isa = XCConfigurationList;
			buildConfigurations = (
				D2B0D0372947640E0025B7E7 /* Debug */,
				D2B0D0382947640E0025B7E7 /* Release */,
			);
			defaultConfigurationIsVisible = 0;
			defaultConfigurationName = Release;
		};
		D2B0D0392947640E0025B7E7 /* Build configuration list for PBXNativeTarget "MovieApp" */ = {
			isa = XCConfigurationList;
			buildConfigurations = (
				D2B0D03A2947640E0025B7E7 /* Debug */,
				D2B0D03B2947640E0025B7E7 /* Release */,
			);
			defaultConfigurationIsVisible = 0;
			defaultConfigurationName = Release;
		};
/* End XCConfigurationList section */
	};
	rootObject = D2B0D01D2947640B0025B7E7 /* Project object */;
}
