// !$*UTF8*$!
{
	archiveVersion = 1;
	classes = {
	};
	objectVersion = 56;
	objects = {

/* Begin PBXBuildFile section */
		D21EEED62A28D17800957FA7 /* MovieListDelegate.swift in Sources */ = {isa = PBXBuildFile; fileRef = D21EEED52A28D17800957FA7 /* MovieListDelegate.swift */; };
		D21EEEDB2A28D29200957FA7 /* SettingsViewController.swift in Sources */ = {isa = PBXBuildFile; fileRef = D21EEED92A28D29200957FA7 /* SettingsViewController.swift */; };
		D21EEEE82A28D92A00957FA7 /* SettingsViewModel.swift in Sources */ = {isa = PBXBuildFile; fileRef = D21EEEE72A28D92A00957FA7 /* SettingsViewModel.swift */; };
		D21EEEEA2A28D9B000957FA7 /* SettingsOption.swift in Sources */ = {isa = PBXBuildFile; fileRef = D21EEEE92A28D9B000957FA7 /* SettingsOption.swift */; };
		D21EEEEE2A28DB6600957FA7 /* SettingsCell.swift in Sources */ = {isa = PBXBuildFile; fileRef = D21EEEEC2A28DB6600957FA7 /* SettingsCell.swift */; };
		D21EEEF12A2A1D5600957FA7 /* SettingsCoordinator.swift in Sources */ = {isa = PBXBuildFile; fileRef = D21EEEF02A2A1D5600957FA7 /* SettingsCoordinator.swift */; };
		D21EEEF42A2A452700957FA7 /* ApperanceViewController.swift in Sources */ = {isa = PBXBuildFile; fileRef = D21EEEF32A2A452700957FA7 /* ApperanceViewController.swift */; };
		D21EEEFB2A41B00B00957FA7 /* MoviesTableView.swift in Sources */ = {isa = PBXBuildFile; fileRef = D21EEEFA2A41B00B00957FA7 /* MoviesTableView.swift */; };
		D21EEEFD2A41C0FE00957FA7 /* MovieListStyle.swift in Sources */ = {isa = PBXBuildFile; fileRef = D21EEEFC2A41C0FE00957FA7 /* MovieListStyle.swift */; };
		D2260B13295F1B8800E93500 /* MoviePageViewModel.swift in Sources */ = {isa = PBXBuildFile; fileRef = D2260B12295F1B8800E93500 /* MoviePageViewModel.swift */; };
		D227302229C1E3C9003787E7 /* WishlistCoordinator.swift in Sources */ = {isa = PBXBuildFile; fileRef = D227302129C1E3C9003787E7 /* WishlistCoordinator.swift */; };
		D2357DB12949D38A00F6EE12 /* MovieCell.swift in Sources */ = {isa = PBXBuildFile; fileRef = D2357DAF2949D38A00F6EE12 /* MovieCell.swift */; };
		D2357DB22949D38A00F6EE12 /* MovieCell.xib in Resources */ = {isa = PBXBuildFile; fileRef = D2357DB02949D38A00F6EE12 /* MovieCell.xib */; };
		D2357DB52949DBF500F6EE12 /* UIImageView+Extension.swift in Sources */ = {isa = PBXBuildFile; fileRef = D2357DB42949DBF500F6EE12 /* UIImageView+Extension.swift */; };
		D2357DB72949DC6D00F6EE12 /* Optional+Extension.swift in Sources */ = {isa = PBXBuildFile; fileRef = D2357DB62949DC6D00F6EE12 /* Optional+Extension.swift */; };
		D2357DB92949FFAE00F6EE12 /* MovieSearch.swift in Sources */ = {isa = PBXBuildFile; fileRef = D2357DB82949FFAE00F6EE12 /* MovieSearch.swift */; };
		D2570BCF294C703C00E857FD /* MovieDetails.swift in Sources */ = {isa = PBXBuildFile; fileRef = D2570BCE294C703C00E857FD /* MovieDetails.swift */; };
		D2570BD1294C736D00E857FD /* Plot.swift in Sources */ = {isa = PBXBuildFile; fileRef = D2570BD0294C736D00E857FD /* Plot.swift */; };
		D2570BD3294C740200E857FD /* String+Extension.swift in Sources */ = {isa = PBXBuildFile; fileRef = D2570BD2294C740200E857FD /* String+Extension.swift */; };
		D2570BD5295070FB00E857FD /* ViewModelCreatorProtocol.swift in Sources */ = {isa = PBXBuildFile; fileRef = D2570BD4295070FB00E857FD /* ViewModelCreatorProtocol.swift */; };
		D2570BDD295090F400E857FD /* AppCoordinatior.swift in Sources */ = {isa = PBXBuildFile; fileRef = D2570BDC295090F400E857FD /* AppCoordinatior.swift */; };
		D2570BE22951CF9B00E857FD /* SearchMovieCoordinator.swift in Sources */ = {isa = PBXBuildFile; fileRef = D2570BE12951CF9B00E857FD /* SearchMovieCoordinator.swift */; };
		D2570BE42951D47D00E857FD /* MoviePageCoordinator.swift in Sources */ = {isa = PBXBuildFile; fileRef = D2570BE32951D47D00E857FD /* MoviePageCoordinator.swift */; };
		D2637F2E2A5EEA45007F2E9D /* UIColor+Extension.swift in Sources */ = {isa = PBXBuildFile; fileRef = D2637F2D2A5EEA45007F2E9D /* UIColor+Extension.swift */; };
		D27004E82A25F49F00072DFF /* MovieListDataSource.swift in Sources */ = {isa = PBXBuildFile; fileRef = D27004E72A25F49F00072DFF /* MovieListDataSource.swift */; };
		D28E715F2A4DAB6000CA674E /* Localizable.strings in Resources */ = {isa = PBXBuildFile; fileRef = D28E71612A4DAB6000CA674E /* Localizable.strings */; };
		D28E71652A4ED52100CA674E /* Bundle+Extension.swift in Sources */ = {isa = PBXBuildFile; fileRef = D28E71642A4ED52100CA674E /* Bundle+Extension.swift */; };
		D28E71702A4EE2CF00CA674E /* Dictionary+Extension.swift in Sources */ = {isa = PBXBuildFile; fileRef = D28E716F2A4EE2CF00CA674E /* Dictionary+Extension.swift */; };
		D28E71732A4EE49500CA674E /* SettingsSection.swift in Sources */ = {isa = PBXBuildFile; fileRef = D28E71722A4EE49500CA674E /* SettingsSection.swift */; };
		D28E71752A4EE50400CA674E /* Language.swift in Sources */ = {isa = PBXBuildFile; fileRef = D28E71742A4EE50400CA674E /* Language.swift */; };
		D28E717A2A4F06A800CA674E /* UIView+Extension.swift in Sources */ = {isa = PBXBuildFile; fileRef = D28E71792A4F06A800CA674E /* UIView+Extension.swift */; };
		D2AF047629487ACE0001C92A /* NetworkService.swift in Sources */ = {isa = PBXBuildFile; fileRef = D2AF047529487ACE0001C92A /* NetworkService.swift */; };
		D2AF047829487B4C0001C92A /* OMDBEndpoint.swift in Sources */ = {isa = PBXBuildFile; fileRef = D2AF047729487B4C0001C92A /* OMDBEndpoint.swift */; };
		D2AF047B294889F20001C92A /* Rating.swift in Sources */ = {isa = PBXBuildFile; fileRef = D2AF047A294889F20001C92A /* Rating.swift */; };
		D2AF047D29488A040001C92A /* Movie.swift in Sources */ = {isa = PBXBuildFile; fileRef = D2AF047C29488A040001C92A /* Movie.swift */; };
		D2AF047F29488D280001C92A /* NetworkParser.swift in Sources */ = {isa = PBXBuildFile; fileRef = D2AF047E29488D280001C92A /* NetworkParser.swift */; };
		D2AF0482294891510001C92A /* RequestError.swift in Sources */ = {isa = PBXBuildFile; fileRef = D2AF0481294891510001C92A /* RequestError.swift */; };
		D2AF048429489C7B0001C92A /* SearchMovieViewModel.swift in Sources */ = {isa = PBXBuildFile; fileRef = D2AF048329489C7B0001C92A /* SearchMovieViewModel.swift */; };
		D2AF048629489CEA0001C92A /* MovieService.swift in Sources */ = {isa = PBXBuildFile; fileRef = D2AF048529489CEA0001C92A /* MovieService.swift */; };
		D2B0D0292947640B0025B7E7 /* AppDelegate.swift in Sources */ = {isa = PBXBuildFile; fileRef = D2B0D0282947640B0025B7E7 /* AppDelegate.swift */; };
		D2B0D02B2947640B0025B7E7 /* SceneDelegate.swift in Sources */ = {isa = PBXBuildFile; fileRef = D2B0D02A2947640B0025B7E7 /* SceneDelegate.swift */; };
		D2B0D0322947640E0025B7E7 /* Assets.xcassets in Resources */ = {isa = PBXBuildFile; fileRef = D2B0D0312947640E0025B7E7 /* Assets.xcassets */; };
		D2B0D0352947640E0025B7E7 /* LaunchScreen.storyboard in Resources */ = {isa = PBXBuildFile; fileRef = D2B0D0332947640E0025B7E7 /* LaunchScreen.storyboard */; };
		D2B8A4372A56CC0000D4B05A /* SearchMovieViewModelProtocol.swift in Sources */ = {isa = PBXBuildFile; fileRef = D2B8A4362A56CC0000D4B05A /* SearchMovieViewModelProtocol.swift */; };
		D2B8A43A2A56CC5A00D4B05A /* WishlistViewModelProtocol.swift in Sources */ = {isa = PBXBuildFile; fileRef = D2B8A4392A56CC5A00D4B05A /* WishlistViewModelProtocol.swift */; };
		D2B8A43D2A56CC8700D4B05A /* MoviePageViewModelProtocol.swift in Sources */ = {isa = PBXBuildFile; fileRef = D2B8A43C2A56CC8700D4B05A /* MoviePageViewModelProtocol.swift */; };
		D2B8A4402A56CCC500D4B05A /* SettingsViewModelProtocol.swift in Sources */ = {isa = PBXBuildFile; fileRef = D2B8A43F2A56CCC500D4B05A /* SettingsViewModelProtocol.swift */; };
		D2B8A4432A56CFAC00D4B05A /* NetworkServiceProtocol.swift in Sources */ = {isa = PBXBuildFile; fileRef = D2B8A4422A56CFAC00D4B05A /* NetworkServiceProtocol.swift */; };
		D2B8A4462A56CFE300D4B05A /* NetworkPaserProtocol.swift in Sources */ = {isa = PBXBuildFile; fileRef = D2B8A4452A56CFE300D4B05A /* NetworkPaserProtocol.swift */; };
		D2B8A4492A56D01A00D4B05A /* MovieServiceProtocol.swift in Sources */ = {isa = PBXBuildFile; fileRef = D2B8A4482A56D01A00D4B05A /* MovieServiceProtocol.swift */; };
		D2B8A44B2A56D1DD00D4B05A /* SearchMovieViewModelCreator.swift in Sources */ = {isa = PBXBuildFile; fileRef = D2B8A44A2A56D1DD00D4B05A /* SearchMovieViewModelCreator.swift */; };
		D2B8A44F2A56D1F800D4B05A /* MoviePageViewModelCreator.swift in Sources */ = {isa = PBXBuildFile; fileRef = D2B8A44E2A56D1F800D4B05A /* MoviePageViewModelCreator.swift */; };
		D2B8A4512A56D21000D4B05A /* WishlistViewModelCreator.swift in Sources */ = {isa = PBXBuildFile; fileRef = D2B8A4502A56D21000D4B05A /* WishlistViewModelCreator.swift */; };
		D2B8A4532A56D22600D4B05A /* SettingsViewModelCreator.swift in Sources */ = {isa = PBXBuildFile; fileRef = D2B8A4522A56D22600D4B05A /* SettingsViewModelCreator.swift */; };
		D2B8A4552A56D2A000D4B05A /* MovieViewModelProtocol.swift in Sources */ = {isa = PBXBuildFile; fileRef = D2B8A4542A56D2A000D4B05A /* MovieViewModelProtocol.swift */; };
		D2B8A4582A56D2E300D4B05A /* RealmServiceProtocol.swift in Sources */ = {isa = PBXBuildFile; fileRef = D2B8A4572A56D2E300D4B05A /* RealmServiceProtocol.swift */; };
		D2B8A45B2A56D31300D4B05A /* DataError.swift in Sources */ = {isa = PBXBuildFile; fileRef = D2B8A45A2A56D31300D4B05A /* DataError.swift */; };
		D2B8A4602A56D3AD00D4B05A /* SettingsLanguagesViewController.swift in Sources */ = {isa = PBXBuildFile; fileRef = D2B8A45D2A56D3AD00D4B05A /* SettingsLanguagesViewController.swift */; };
		D2B8A4612A56D3AD00D4B05A /* SettingsLanguageCell.swift in Sources */ = {isa = PBXBuildFile; fileRef = D2B8A45F2A56D3AD00D4B05A /* SettingsLanguageCell.swift */; };
		D2B8A4632A56D49E00D4B05A /* CoordinatorProtocol.swift in Sources */ = {isa = PBXBuildFile; fileRef = D2B8A4622A56D49E00D4B05A /* CoordinatorProtocol.swift */; };
		D2B8A4662A56E89A00D4B05A /* MovieModelProtocol.swift in Sources */ = {isa = PBXBuildFile; fileRef = D2B8A4652A56E89A00D4B05A /* MovieModelProtocol.swift */; };
		D2B8A46B2A5708A800D4B05A /* JetBrainsMono-Light.ttf in Resources */ = {isa = PBXBuildFile; fileRef = D2B8A4682A5708A800D4B05A /* JetBrainsMono-Light.ttf */; };
		D2B8A46C2A5708A800D4B05A /* JetBrainsMono-Regular.ttf in Resources */ = {isa = PBXBuildFile; fileRef = D2B8A4692A5708A800D4B05A /* JetBrainsMono-Regular.ttf */; };
		D2B8A46D2A5708A800D4B05A /* JetBrainsMono-Bold.ttf in Resources */ = {isa = PBXBuildFile; fileRef = D2B8A46A2A5708A800D4B05A /* JetBrainsMono-Bold.ttf */; };
		D2BB54162A1FB3FB00BA4734 /* SpinnerViewController.swift in Sources */ = {isa = PBXBuildFile; fileRef = D2BB54152A1FB3FB00BA4734 /* SpinnerViewController.swift */; };
		D2C79A3C2A2763DC0065DA25 /* RefreshableViewControllerProtocol.swift in Sources */ = {isa = PBXBuildFile; fileRef = D2C79A3B2A2763DC0065DA25 /* RefreshableViewControllerProtocol.swift */; };
		D2D51C802A60672500F9B7DC /* UISearchTextField+Extension.swift in Sources */ = {isa = PBXBuildFile; fileRef = D2D51C7F2A60672500F9B7DC /* UISearchTextField+Extension.swift */; };
		D2D5E2F729D473C5005BB3AF /* Constants.swift in Sources */ = {isa = PBXBuildFile; fileRef = D2D5E2F629D473C5005BB3AF /* Constants.swift */; };
		D2D5E2FB29D493E0005BB3AF /* Main.storyboard in Resources */ = {isa = PBXBuildFile; fileRef = D2D5E2FA29D493E0005BB3AF /* Main.storyboard */; };
		D2D5E2FE29D498F2005BB3AF /* SearchMoviesViewController.swift in Sources */ = {isa = PBXBuildFile; fileRef = D2D5E2FC29D498F2005BB3AF /* SearchMoviesViewController.swift */; };
		D2D5E2FF29D498F2005BB3AF /* SearchMoviesViewController.xib in Resources */ = {isa = PBXBuildFile; fileRef = D2D5E2FD29D498F2005BB3AF /* SearchMoviesViewController.xib */; };
		D2D5E30229D49A47005BB3AF /* MoviePageViewController.swift in Sources */ = {isa = PBXBuildFile; fileRef = D2D5E30029D49A47005BB3AF /* MoviePageViewController.swift */; };
		D2D5E30329D49A47005BB3AF /* MoviePageViewController.xib in Resources */ = {isa = PBXBuildFile; fileRef = D2D5E30129D49A47005BB3AF /* MoviePageViewController.xib */; };
		D2D5E30529D49D86005BB3AF /* WishlistViewModel.swift in Sources */ = {isa = PBXBuildFile; fileRef = D2D5E30429D49D86005BB3AF /* WishlistViewModel.swift */; };
		D2E5E93C29AE0B330024BDE2 /* Realm in Frameworks */ = {isa = PBXBuildFile; productRef = D2E5E93B29AE0B330024BDE2 /* Realm */; };
		D2E5E93E29AE0B330024BDE2 /* RealmSwift in Frameworks */ = {isa = PBXBuildFile; productRef = D2E5E93D29AE0B330024BDE2 /* RealmSwift */; };
		D2E5E94129AE0BA30024BDE2 /* RealmMovie.swift in Sources */ = {isa = PBXBuildFile; fileRef = D2E5E94029AE0BA30024BDE2 /* RealmMovie.swift */; };
		D2E5E94329AE0D540024BDE2 /* RealmMovieSearch.swift in Sources */ = {isa = PBXBuildFile; fileRef = D2E5E94229AE0D540024BDE2 /* RealmMovieSearch.swift */; };
		D2E5E94529AE10ED0024BDE2 /* RealmService.swift in Sources */ = {isa = PBXBuildFile; fileRef = D2E5E94429AE10ED0024BDE2 /* RealmService.swift */; };
		D2E5E94829B0B95C0024BDE2 /* WishListViewController.swift in Sources */ = {isa = PBXBuildFile; fileRef = D2E5E94629B0B95C0024BDE2 /* WishListViewController.swift */; };
		D2E5E94929B0B95C0024BDE2 /* WishListViewController.xib in Resources */ = {isa = PBXBuildFile; fileRef = D2E5E94729B0B95C0024BDE2 /* WishListViewController.xib */; };
		D2EE80762A6947310008C440 /* UIColor+Extension.swift in Sources */ = {isa = PBXBuildFile; fileRef = D2EE80752A6947310008C440 /* UIColor+Extension.swift */; };
/* End PBXBuildFile section */

/* Begin PBXFileReference section */
		D21EEED52A28D17800957FA7 /* MovieListDelegate.swift */ = {isa = PBXFileReference; lastKnownFileType = sourcecode.swift; path = MovieListDelegate.swift; sourceTree = "<group>"; };
		D21EEED92A28D29200957FA7 /* SettingsViewController.swift */ = {isa = PBXFileReference; lastKnownFileType = sourcecode.swift; path = SettingsViewController.swift; sourceTree = "<group>"; };
		D21EEEE72A28D92A00957FA7 /* SettingsViewModel.swift */ = {isa = PBXFileReference; lastKnownFileType = sourcecode.swift; path = SettingsViewModel.swift; sourceTree = "<group>"; };
		D21EEEE92A28D9B000957FA7 /* SettingsOption.swift */ = {isa = PBXFileReference; lastKnownFileType = sourcecode.swift; path = SettingsOption.swift; sourceTree = "<group>"; };
		D21EEEEC2A28DB6600957FA7 /* SettingsCell.swift */ = {isa = PBXFileReference; lastKnownFileType = sourcecode.swift; path = SettingsCell.swift; sourceTree = "<group>"; };
		D21EEEF02A2A1D5600957FA7 /* SettingsCoordinator.swift */ = {isa = PBXFileReference; lastKnownFileType = sourcecode.swift; path = SettingsCoordinator.swift; sourceTree = "<group>"; };
		D21EEEF32A2A452700957FA7 /* ApperanceViewController.swift */ = {isa = PBXFileReference; lastKnownFileType = sourcecode.swift; path = ApperanceViewController.swift; sourceTree = "<group>"; };
		D21EEEFA2A41B00B00957FA7 /* MoviesTableView.swift */ = {isa = PBXFileReference; lastKnownFileType = sourcecode.swift; path = MoviesTableView.swift; sourceTree = "<group>"; };
		D21EEEFC2A41C0FE00957FA7 /* MovieListStyle.swift */ = {isa = PBXFileReference; lastKnownFileType = sourcecode.swift; path = MovieListStyle.swift; sourceTree = "<group>"; };
		D2260B12295F1B8800E93500 /* MoviePageViewModel.swift */ = {isa = PBXFileReference; lastKnownFileType = sourcecode.swift; path = MoviePageViewModel.swift; sourceTree = "<group>"; };
		D227302129C1E3C9003787E7 /* WishlistCoordinator.swift */ = {isa = PBXFileReference; lastKnownFileType = sourcecode.swift; path = WishlistCoordinator.swift; sourceTree = "<group>"; };
		D2357DAF2949D38A00F6EE12 /* MovieCell.swift */ = {isa = PBXFileReference; lastKnownFileType = sourcecode.swift; path = MovieCell.swift; sourceTree = "<group>"; };
		D2357DB02949D38A00F6EE12 /* MovieCell.xib */ = {isa = PBXFileReference; lastKnownFileType = file.xib; path = MovieCell.xib; sourceTree = "<group>"; };
		D2357DB42949DBF500F6EE12 /* UIImageView+Extension.swift */ = {isa = PBXFileReference; lastKnownFileType = sourcecode.swift; path = "UIImageView+Extension.swift"; sourceTree = "<group>"; };
		D2357DB62949DC6D00F6EE12 /* Optional+Extension.swift */ = {isa = PBXFileReference; lastKnownFileType = sourcecode.swift; path = "Optional+Extension.swift"; sourceTree = "<group>"; };
		D2357DB82949FFAE00F6EE12 /* MovieSearch.swift */ = {isa = PBXFileReference; lastKnownFileType = sourcecode.swift; path = MovieSearch.swift; sourceTree = "<group>"; };
		D2570BCE294C703C00E857FD /* MovieDetails.swift */ = {isa = PBXFileReference; lastKnownFileType = sourcecode.swift; path = MovieDetails.swift; sourceTree = "<group>"; };
		D2570BD0294C736D00E857FD /* Plot.swift */ = {isa = PBXFileReference; lastKnownFileType = sourcecode.swift; path = Plot.swift; sourceTree = "<group>"; };
		D2570BD2294C740200E857FD /* String+Extension.swift */ = {isa = PBXFileReference; lastKnownFileType = sourcecode.swift; path = "String+Extension.swift"; sourceTree = "<group>"; };
		D2570BD4295070FB00E857FD /* ViewModelCreatorProtocol.swift */ = {isa = PBXFileReference; lastKnownFileType = sourcecode.swift; path = ViewModelCreatorProtocol.swift; sourceTree = "<group>"; };
		D2570BDC295090F400E857FD /* AppCoordinatior.swift */ = {isa = PBXFileReference; lastKnownFileType = sourcecode.swift; path = AppCoordinatior.swift; sourceTree = "<group>"; };
		D2570BE12951CF9B00E857FD /* SearchMovieCoordinator.swift */ = {isa = PBXFileReference; lastKnownFileType = sourcecode.swift; path = SearchMovieCoordinator.swift; sourceTree = "<group>"; };
		D2570BE32951D47D00E857FD /* MoviePageCoordinator.swift */ = {isa = PBXFileReference; lastKnownFileType = sourcecode.swift; path = MoviePageCoordinator.swift; sourceTree = "<group>"; };
		D2637F2D2A5EEA45007F2E9D /* UIColor+Extension.swift */ = {isa = PBXFileReference; lastKnownFileType = sourcecode.swift; path = "UIColor+Extension.swift"; sourceTree = "<group>"; };
		D27004E72A25F49F00072DFF /* MovieListDataSource.swift */ = {isa = PBXFileReference; lastKnownFileType = sourcecode.swift; path = MovieListDataSource.swift; sourceTree = "<group>"; };
		D28E71602A4DAB6000CA674E /* en */ = {isa = PBXFileReference; lastKnownFileType = text.plist.strings; name = en; path = en.lproj/Localizable.strings; sourceTree = "<group>"; };
		D28E71622A4DAB6300CA674E /* pl */ = {isa = PBXFileReference; lastKnownFileType = text.plist.strings; name = pl; path = pl.lproj/Localizable.strings; sourceTree = "<group>"; };
		D28E71632A4DAB6400CA674E /* ru */ = {isa = PBXFileReference; lastKnownFileType = text.plist.strings; name = ru; path = ru.lproj/Localizable.strings; sourceTree = "<group>"; };
		D28E71642A4ED52100CA674E /* Bundle+Extension.swift */ = {isa = PBXFileReference; lastKnownFileType = sourcecode.swift; path = "Bundle+Extension.swift"; sourceTree = "<group>"; };
		D28E716F2A4EE2CF00CA674E /* Dictionary+Extension.swift */ = {isa = PBXFileReference; lastKnownFileType = sourcecode.swift; path = "Dictionary+Extension.swift"; sourceTree = "<group>"; };
		D28E71722A4EE49500CA674E /* SettingsSection.swift */ = {isa = PBXFileReference; lastKnownFileType = sourcecode.swift; path = SettingsSection.swift; sourceTree = "<group>"; };
		D28E71742A4EE50400CA674E /* Language.swift */ = {isa = PBXFileReference; lastKnownFileType = sourcecode.swift; path = Language.swift; sourceTree = "<group>"; };
		D28E71792A4F06A800CA674E /* UIView+Extension.swift */ = {isa = PBXFileReference; lastKnownFileType = sourcecode.swift; path = "UIView+Extension.swift"; sourceTree = "<group>"; };
		D2AF047529487ACE0001C92A /* NetworkService.swift */ = {isa = PBXFileReference; lastKnownFileType = sourcecode.swift; path = NetworkService.swift; sourceTree = "<group>"; };
		D2AF047729487B4C0001C92A /* OMDBEndpoint.swift */ = {isa = PBXFileReference; lastKnownFileType = sourcecode.swift; path = OMDBEndpoint.swift; sourceTree = "<group>"; };
		D2AF047A294889F20001C92A /* Rating.swift */ = {isa = PBXFileReference; lastKnownFileType = sourcecode.swift; path = Rating.swift; sourceTree = "<group>"; };
		D2AF047C29488A040001C92A /* Movie.swift */ = {isa = PBXFileReference; lastKnownFileType = sourcecode.swift; path = Movie.swift; sourceTree = "<group>"; };
		D2AF047E29488D280001C92A /* NetworkParser.swift */ = {isa = PBXFileReference; lastKnownFileType = sourcecode.swift; path = NetworkParser.swift; sourceTree = "<group>"; };
		D2AF0481294891510001C92A /* RequestError.swift */ = {isa = PBXFileReference; lastKnownFileType = sourcecode.swift; path = RequestError.swift; sourceTree = "<group>"; };
		D2AF048329489C7B0001C92A /* SearchMovieViewModel.swift */ = {isa = PBXFileReference; lastKnownFileType = sourcecode.swift; path = SearchMovieViewModel.swift; sourceTree = "<group>"; };
		D2AF048529489CEA0001C92A /* MovieService.swift */ = {isa = PBXFileReference; lastKnownFileType = sourcecode.swift; path = MovieService.swift; sourceTree = "<group>"; };
		D2B0D0252947640B0025B7E7 /* MovieApp.app */ = {isa = PBXFileReference; explicitFileType = wrapper.application; includeInIndex = 0; path = MovieApp.app; sourceTree = BUILT_PRODUCTS_DIR; };
		D2B0D0282947640B0025B7E7 /* AppDelegate.swift */ = {isa = PBXFileReference; lastKnownFileType = sourcecode.swift; path = AppDelegate.swift; sourceTree = "<group>"; };
		D2B0D02A2947640B0025B7E7 /* SceneDelegate.swift */ = {isa = PBXFileReference; lastKnownFileType = sourcecode.swift; path = SceneDelegate.swift; sourceTree = "<group>"; };
		D2B0D0312947640E0025B7E7 /* Assets.xcassets */ = {isa = PBXFileReference; lastKnownFileType = folder.assetcatalog; path = Assets.xcassets; sourceTree = "<group>"; };
		D2B0D0342947640E0025B7E7 /* Base */ = {isa = PBXFileReference; lastKnownFileType = file.storyboard; name = Base; path = Base.lproj/LaunchScreen.storyboard; sourceTree = "<group>"; };
		D2B0D0362947640E0025B7E7 /* Info.plist */ = {isa = PBXFileReference; lastKnownFileType = text.plist.xml; path = Info.plist; sourceTree = "<group>"; };
		D2B8A4362A56CC0000D4B05A /* SearchMovieViewModelProtocol.swift */ = {isa = PBXFileReference; lastKnownFileType = sourcecode.swift; path = SearchMovieViewModelProtocol.swift; sourceTree = "<group>"; };
		D2B8A4392A56CC5A00D4B05A /* WishlistViewModelProtocol.swift */ = {isa = PBXFileReference; lastKnownFileType = sourcecode.swift; path = WishlistViewModelProtocol.swift; sourceTree = "<group>"; };
		D2B8A43C2A56CC8700D4B05A /* MoviePageViewModelProtocol.swift */ = {isa = PBXFileReference; lastKnownFileType = sourcecode.swift; path = MoviePageViewModelProtocol.swift; sourceTree = "<group>"; };
		D2B8A43F2A56CCC500D4B05A /* SettingsViewModelProtocol.swift */ = {isa = PBXFileReference; lastKnownFileType = sourcecode.swift; path = SettingsViewModelProtocol.swift; sourceTree = "<group>"; };
		D2B8A4422A56CFAC00D4B05A /* NetworkServiceProtocol.swift */ = {isa = PBXFileReference; lastKnownFileType = sourcecode.swift; path = NetworkServiceProtocol.swift; sourceTree = "<group>"; };
		D2B8A4452A56CFE300D4B05A /* NetworkPaserProtocol.swift */ = {isa = PBXFileReference; lastKnownFileType = sourcecode.swift; path = NetworkPaserProtocol.swift; sourceTree = "<group>"; };
		D2B8A4482A56D01A00D4B05A /* MovieServiceProtocol.swift */ = {isa = PBXFileReference; lastKnownFileType = sourcecode.swift; path = MovieServiceProtocol.swift; sourceTree = "<group>"; };
		D2B8A44A2A56D1DD00D4B05A /* SearchMovieViewModelCreator.swift */ = {isa = PBXFileReference; lastKnownFileType = sourcecode.swift; path = SearchMovieViewModelCreator.swift; sourceTree = "<group>"; };
		D2B8A44E2A56D1F800D4B05A /* MoviePageViewModelCreator.swift */ = {isa = PBXFileReference; lastKnownFileType = sourcecode.swift; path = MoviePageViewModelCreator.swift; sourceTree = "<group>"; };
		D2B8A4502A56D21000D4B05A /* WishlistViewModelCreator.swift */ = {isa = PBXFileReference; lastKnownFileType = sourcecode.swift; path = WishlistViewModelCreator.swift; sourceTree = "<group>"; };
		D2B8A4522A56D22600D4B05A /* SettingsViewModelCreator.swift */ = {isa = PBXFileReference; lastKnownFileType = sourcecode.swift; path = SettingsViewModelCreator.swift; sourceTree = "<group>"; };
		D2B8A4542A56D2A000D4B05A /* MovieViewModelProtocol.swift */ = {isa = PBXFileReference; lastKnownFileType = sourcecode.swift; path = MovieViewModelProtocol.swift; sourceTree = "<group>"; };
		D2B8A4572A56D2E300D4B05A /* RealmServiceProtocol.swift */ = {isa = PBXFileReference; lastKnownFileType = sourcecode.swift; path = RealmServiceProtocol.swift; sourceTree = "<group>"; };
		D2B8A45A2A56D31300D4B05A /* DataError.swift */ = {isa = PBXFileReference; lastKnownFileType = sourcecode.swift; path = DataError.swift; sourceTree = "<group>"; };
		D2B8A45D2A56D3AD00D4B05A /* SettingsLanguagesViewController.swift */ = {isa = PBXFileReference; fileEncoding = 4; lastKnownFileType = sourcecode.swift; path = SettingsLanguagesViewController.swift; sourceTree = "<group>"; };
		D2B8A45F2A56D3AD00D4B05A /* SettingsLanguageCell.swift */ = {isa = PBXFileReference; fileEncoding = 4; lastKnownFileType = sourcecode.swift; path = SettingsLanguageCell.swift; sourceTree = "<group>"; };
		D2B8A4622A56D49E00D4B05A /* CoordinatorProtocol.swift */ = {isa = PBXFileReference; lastKnownFileType = sourcecode.swift; path = CoordinatorProtocol.swift; sourceTree = "<group>"; };
		D2B8A4652A56E89A00D4B05A /* MovieModelProtocol.swift */ = {isa = PBXFileReference; lastKnownFileType = sourcecode.swift; path = MovieModelProtocol.swift; sourceTree = "<group>"; };
		D2B8A4682A5708A800D4B05A /* JetBrainsMono-Light.ttf */ = {isa = PBXFileReference; lastKnownFileType = file; name = "JetBrainsMono-Light.ttf"; path = "../../../../../../Downloads/JetBrainsMono-2.304/fonts/ttf/JetBrainsMono-Light.ttf"; sourceTree = "<group>"; };
		D2B8A4692A5708A800D4B05A /* JetBrainsMono-Regular.ttf */ = {isa = PBXFileReference; lastKnownFileType = file; name = "JetBrainsMono-Regular.ttf"; path = "../../../../../../Downloads/JetBrainsMono-2.304/fonts/ttf/JetBrainsMono-Regular.ttf"; sourceTree = "<group>"; };
		D2B8A46A2A5708A800D4B05A /* JetBrainsMono-Bold.ttf */ = {isa = PBXFileReference; lastKnownFileType = file; name = "JetBrainsMono-Bold.ttf"; path = "../../../../../../Downloads/JetBrainsMono-2.304/fonts/ttf/JetBrainsMono-Bold.ttf"; sourceTree = "<group>"; };
		D2BB54152A1FB3FB00BA4734 /* SpinnerViewController.swift */ = {isa = PBXFileReference; lastKnownFileType = sourcecode.swift; path = SpinnerViewController.swift; sourceTree = "<group>"; };
		D2C79A3B2A2763DC0065DA25 /* RefreshableViewControllerProtocol.swift */ = {isa = PBXFileReference; lastKnownFileType = sourcecode.swift; path = RefreshableViewControllerProtocol.swift; sourceTree = "<group>"; };
		D2D51C7F2A60672500F9B7DC /* UISearchTextField+Extension.swift */ = {isa = PBXFileReference; lastKnownFileType = sourcecode.swift; path = "UISearchTextField+Extension.swift"; sourceTree = "<group>"; };
		D2D5E2F629D473C5005BB3AF /* Constants.swift */ = {isa = PBXFileReference; lastKnownFileType = sourcecode.swift; path = Constants.swift; sourceTree = "<group>"; };
		D2D5E2FA29D493E0005BB3AF /* Main.storyboard */ = {isa = PBXFileReference; lastKnownFileType = file.storyboard; path = Main.storyboard; sourceTree = "<group>"; };
		D2D5E2FC29D498F2005BB3AF /* SearchMoviesViewController.swift */ = {isa = PBXFileReference; lastKnownFileType = sourcecode.swift; path = SearchMoviesViewController.swift; sourceTree = "<group>"; };
		D2D5E2FD29D498F2005BB3AF /* SearchMoviesViewController.xib */ = {isa = PBXFileReference; lastKnownFileType = file.xib; path = SearchMoviesViewController.xib; sourceTree = "<group>"; };
		D2D5E30029D49A47005BB3AF /* MoviePageViewController.swift */ = {isa = PBXFileReference; lastKnownFileType = sourcecode.swift; path = MoviePageViewController.swift; sourceTree = "<group>"; };
		D2D5E30129D49A47005BB3AF /* MoviePageViewController.xib */ = {isa = PBXFileReference; lastKnownFileType = file.xib; path = MoviePageViewController.xib; sourceTree = "<group>"; };
		D2D5E30429D49D86005BB3AF /* WishlistViewModel.swift */ = {isa = PBXFileReference; lastKnownFileType = sourcecode.swift; path = WishlistViewModel.swift; sourceTree = "<group>"; };
		D2E5E94029AE0BA30024BDE2 /* RealmMovie.swift */ = {isa = PBXFileReference; lastKnownFileType = sourcecode.swift; path = RealmMovie.swift; sourceTree = "<group>"; };
		D2E5E94229AE0D540024BDE2 /* RealmMovieSearch.swift */ = {isa = PBXFileReference; lastKnownFileType = sourcecode.swift; path = RealmMovieSearch.swift; sourceTree = "<group>"; };
		D2E5E94429AE10ED0024BDE2 /* RealmService.swift */ = {isa = PBXFileReference; lastKnownFileType = sourcecode.swift; path = RealmService.swift; sourceTree = "<group>"; };
		D2E5E94629B0B95C0024BDE2 /* WishListViewController.swift */ = {isa = PBXFileReference; lastKnownFileType = sourcecode.swift; path = WishListViewController.swift; sourceTree = "<group>"; };
		D2E5E94729B0B95C0024BDE2 /* WishListViewController.xib */ = {isa = PBXFileReference; lastKnownFileType = file.xib; path = WishListViewController.xib; sourceTree = "<group>"; };
		D2EE80752A6947310008C440 /* UIColor+Extension.swift */ = {isa = PBXFileReference; lastKnownFileType = sourcecode.swift; path = "UIColor+Extension.swift"; sourceTree = "<group>"; };
/* End PBXFileReference section */

/* Begin PBXFrameworksBuildPhase section */
		D2B0D0222947640B0025B7E7 /* Frameworks */ = {
			isa = PBXFrameworksBuildPhase;
			buildActionMask = 2147483647;
			files = (
				D2E5E93E29AE0B330024BDE2 /* RealmSwift in Frameworks */,
				D2E5E93C29AE0B330024BDE2 /* Realm in Frameworks */,
			);
			runOnlyForDeploymentPostprocessing = 0;
		};
/* End PBXFrameworksBuildPhase section */

/* Begin PBXGroup section */
		D21EEED72A28D21000957FA7 /* Settings */ = {
			isa = PBXGroup;
			children = (
				D2B8A43E2A56CCAD00D4B05A /* ViewModel */,
				D21EEEEB2A28DB3600957FA7 /* SettingsCell */,
				D21EEED82A28D27500957FA7 /* ViewController */,
				D21EEEF02A2A1D5600957FA7 /* SettingsCoordinator.swift */,
			);
			path = Settings;
			sourceTree = "<group>";
		};
		D21EEED82A28D27500957FA7 /* ViewController */ = {
			isa = PBXGroup;
			children = (
				D21EEED92A28D29200957FA7 /* SettingsViewController.swift */,
			);
			path = ViewController;
			sourceTree = "<group>";
		};
		D21EEEEB2A28DB3600957FA7 /* SettingsCell */ = {
			isa = PBXGroup;
			children = (
				D21EEEEC2A28DB6600957FA7 /* SettingsCell.swift */,
			);
			path = SettingsCell;
			sourceTree = "<group>";
		};
		D21EEEF22A2A44D600957FA7 /* Apperance */ = {
			isa = PBXGroup;
			children = (
				D21EEEF32A2A452700957FA7 /* ApperanceViewController.swift */,
			);
			path = Apperance;
			sourceTree = "<group>";
		};
		D227301729C1E25F003787E7 /* SearchMovies */ = {
			isa = PBXGroup;
			children = (
				D2B8A4352A56CBE000D4B05A /* ViewModel */,
				D227301829C1E282003787E7 /* View */,
				D227301929C1E28A003787E7 /* ViewController */,
				D2570BE12951CF9B00E857FD /* SearchMovieCoordinator.swift */,
			);
			path = SearchMovies;
			sourceTree = "<group>";
		};
		D227301829C1E282003787E7 /* View */ = {
			isa = PBXGroup;
			children = (
				D227301A29C1E2FD003787E7 /* MovieCell */,
				D21EEEFA2A41B00B00957FA7 /* MoviesTableView.swift */,
			);
			path = View;
			sourceTree = "<group>";
		};
		D227301929C1E28A003787E7 /* ViewController */ = {
			isa = PBXGroup;
			children = (
				D2D5E2FC29D498F2005BB3AF /* SearchMoviesViewController.swift */,
				D2D5E2FD29D498F2005BB3AF /* SearchMoviesViewController.xib */,
			);
			path = ViewController;
			sourceTree = "<group>";
		};
		D227301A29C1E2FD003787E7 /* MovieCell */ = {
			isa = PBXGroup;
			children = (
				D2357DAF2949D38A00F6EE12 /* MovieCell.swift */,
				D2357DB02949D38A00F6EE12 /* MovieCell.xib */,
			);
			path = MovieCell;
			sourceTree = "<group>";
		};
		D227301B29C1E30F003787E7 /* Wishlist */ = {
			isa = PBXGroup;
			children = (
				D2B8A4382A56CC4600D4B05A /* ViewModel */,
				D227301E29C1E344003787E7 /* ViewController */,
				D227302129C1E3C9003787E7 /* WishlistCoordinator.swift */,
			);
			path = Wishlist;
			sourceTree = "<group>";
		};
		D227301C29C1E325003787E7 /* MoviePage */ = {
			isa = PBXGroup;
			children = (
				D2B8A43B2A56CC7200D4B05A /* ViewModel */,
				D227302029C1E350003787E7 /* ViewController */,
				D2570BE32951D47D00E857FD /* MoviePageCoordinator.swift */,
			);
			path = MoviePage;
			sourceTree = "<group>";
		};
		D227301E29C1E344003787E7 /* ViewController */ = {
			isa = PBXGroup;
			children = (
				D2E5E94629B0B95C0024BDE2 /* WishListViewController.swift */,
				D2E5E94729B0B95C0024BDE2 /* WishListViewController.xib */,
			);
			path = ViewController;
			sourceTree = "<group>";
		};
		D227302029C1E350003787E7 /* ViewController */ = {
			isa = PBXGroup;
			children = (
				D2D5E30029D49A47005BB3AF /* MoviePageViewController.swift */,
				D2D5E30129D49A47005BB3AF /* MoviePageViewController.xib */,
			);
			path = ViewController;
			sourceTree = "<group>";
		};
		D2357DB32949DBD600F6EE12 /* Extensions */ = {
			isa = PBXGroup;
			children = (
				D2357DB42949DBF500F6EE12 /* UIImageView+Extension.swift */,
				D2357DB62949DC6D00F6EE12 /* Optional+Extension.swift */,
				D2570BD2294C740200E857FD /* String+Extension.swift */,
				D28E71642A4ED52100CA674E /* Bundle+Extension.swift */,
				D28E716F2A4EE2CF00CA674E /* Dictionary+Extension.swift */,
				D28E71792A4F06A800CA674E /* UIView+Extension.swift */,
				D2637F2D2A5EEA45007F2E9D /* UIColor+Extension.swift */,
				D2D51C7F2A60672500F9B7DC /* UISearchTextField+Extension.swift */,
			);
			path = Extensions;
			sourceTree = "<group>";
		};
		D256FA7C29CB1A6600F667B5 /* Helpers */ = {
			isa = PBXGroup;
			children = (
				D2B8A4642A56D53900D4B05A /* Coordinator */,
				D27004E62A25F47E00072DFF /* MovieList */,
				D2D5E2F629D473C5005BB3AF /* Constants.swift */,
				D2C79A3B2A2763DC0065DA25 /* RefreshableViewControllerProtocol.swift */,
			);
			path = Helpers;
			sourceTree = "<group>";
		};
		D261A3912A2896BB0021CC3B /* Fonts */ = {
			isa = PBXGroup;
			children = (
				D2B8A46A2A5708A800D4B05A /* JetBrainsMono-Bold.ttf */,
				D2B8A4682A5708A800D4B05A /* JetBrainsMono-Light.ttf */,
				D2B8A4692A5708A800D4B05A /* JetBrainsMono-Regular.ttf */,
			);
			path = Fonts;
			sourceTree = "<group>";
		};
		D27004E62A25F47E00072DFF /* MovieList */ = {
			isa = PBXGroup;
			children = (
				D27004E72A25F49F00072DFF /* MovieListDataSource.swift */,
				D21EEED52A28D17800957FA7 /* MovieListDelegate.swift */,
				D21EEEFC2A41C0FE00957FA7 /* MovieListStyle.swift */,
			);
			path = MovieList;
			sourceTree = "<group>";
		};
		D28E71572A4DAAB600CA674E /* Resources */ = {
			isa = PBXGroup;
			children = (
				D261A3912A2896BB0021CC3B /* Fonts */,
				D28E71612A4DAB6000CA674E /* Localizable.strings */,
			);
			path = Resources;
			sourceTree = "<group>";
		};
		D28E71712A4EE47700CA674E /* Settings */ = {
			isa = PBXGroup;
			children = (
				D21EEEE92A28D9B000957FA7 /* SettingsOption.swift */,
				D28E71722A4EE49500CA674E /* SettingsSection.swift */,
				D28E71742A4EE50400CA674E /* Language.swift */,
			);
			path = Settings;
			sourceTree = "<group>";
		};
		D2AF047029487A6E0001C92A /* Models */ = {
			isa = PBXGroup;
			children = (
				D2B8A4672A56E8D100D4B05A /* Movies */,
				D28E71712A4EE47700CA674E /* Settings */,
				D2E5E93F29AE0B3E0024BDE2 /* RealmModels */,
			);
			path = Models;
			sourceTree = "<group>";
		};
		D2AF047129487A7E0001C92A /* ViewModelCreators */ = {
			isa = PBXGroup;
			children = (
				D2570BD4295070FB00E857FD /* ViewModelCreatorProtocol.swift */,
				D2B8A44A2A56D1DD00D4B05A /* SearchMovieViewModelCreator.swift */,
				D2B8A44E2A56D1F800D4B05A /* MoviePageViewModelCreator.swift */,
				D2B8A4502A56D21000D4B05A /* WishlistViewModelCreator.swift */,
				D2B8A4522A56D22600D4B05A /* SettingsViewModelCreator.swift */,
			);
			path = ViewModelCreators;
			sourceTree = "<group>";
		};
		D2AF047229487A8C0001C92A /* Views */ = {
			isa = PBXGroup;
			children = (
				D21EEEF22A2A44D600957FA7 /* Apperance */,
				D2B8A45C2A56D3AD00D4B05A /* Languages */,
				D256FA7C29CB1A6600F667B5 /* Helpers */,
				D21EEED72A28D21000957FA7 /* Settings */,
				D2BB54142A1FB3CA00BA4734 /* Spinner */,
				D227301C29C1E325003787E7 /* MoviePage */,
				D227301B29C1E30F003787E7 /* Wishlist */,
				D227301729C1E25F003787E7 /* SearchMovies */,
			);
			path = Views;
			sourceTree = "<group>";
		};
		D2AF047329487A950001C92A /* Network */ = {
			isa = PBXGroup;
			children = (
				D2AF04802948913D0001C92A /* Errors */,
				D2AF047929487B7F0001C92A /* Services */,
				D2AF047429487AA90001C92A /* Endpoints */,
			);
			path = Network;
			sourceTree = "<group>";
		};
		D2AF047429487AA90001C92A /* Endpoints */ = {
			isa = PBXGroup;
			children = (
				D2AF047729487B4C0001C92A /* OMDBEndpoint.swift */,
			);
			path = Endpoints;
			sourceTree = "<group>";
		};
		D2AF047929487B7F0001C92A /* Services */ = {
			isa = PBXGroup;
			children = (
				D2B8A4472A56D00600D4B05A /* MovieService */,
				D2B8A4442A56CFCC00D4B05A /* NetworkParser */,
				D2B8A4412A56CF9800D4B05A /* NetworkService */,
			);
			path = Services;
			sourceTree = "<group>";
		};
		D2AF04802948913D0001C92A /* Errors */ = {
			isa = PBXGroup;
			children = (
				D2AF0481294891510001C92A /* RequestError.swift */,
			);
			path = Errors;
			sourceTree = "<group>";
		};
		D2B0D01C2947640B0025B7E7 = {
			isa = PBXGroup;
			children = (
				D2B0D0272947640B0025B7E7 /* MovieApp */,
				D2B0D0262947640B0025B7E7 /* Products */,
			);
			sourceTree = "<group>";
		};
		D2B0D0262947640B0025B7E7 /* Products */ = {
			isa = PBXGroup;
			children = (
				D2B0D0252947640B0025B7E7 /* MovieApp.app */,
			);
			name = Products;
			sourceTree = "<group>";
		};
		D2B0D0272947640B0025B7E7 /* MovieApp */ = {
			isa = PBXGroup;
			children = (
				D2B8A4562A56D2C500D4B05A /* RealmService */,
				D28E71572A4DAAB600CA674E /* Resources */,
				D2357DB32949DBD600F6EE12 /* Extensions */,
				D2AF047329487A950001C92A /* Network */,
				D2AF047229487A8C0001C92A /* Views */,
				D2AF047129487A7E0001C92A /* ViewModelCreators */,
				D2AF047029487A6E0001C92A /* Models */,
				D2B0D0282947640B0025B7E7 /* AppDelegate.swift */,
				D2B0D02A2947640B0025B7E7 /* SceneDelegate.swift */,
				D2B0D0312947640E0025B7E7 /* Assets.xcassets */,
				D2B0D0332947640E0025B7E7 /* LaunchScreen.storyboard */,
				D2B0D0362947640E0025B7E7 /* Info.plist */,
				D2D5E2FA29D493E0005BB3AF /* Main.storyboard */,
			);
			path = MovieApp;
			sourceTree = "<group>";
		};
		D2B8A4352A56CBE000D4B05A /* ViewModel */ = {
			isa = PBXGroup;
			children = (
				D2AF048329489C7B0001C92A /* SearchMovieViewModel.swift */,
				D2B8A4362A56CC0000D4B05A /* SearchMovieViewModelProtocol.swift */,
				D2B8A4542A56D2A000D4B05A /* MovieViewModelProtocol.swift */,
			);
			path = ViewModel;
			sourceTree = "<group>";
		};
		D2B8A4382A56CC4600D4B05A /* ViewModel */ = {
			isa = PBXGroup;
			children = (
				D2D5E30429D49D86005BB3AF /* WishlistViewModel.swift */,
				D2B8A4392A56CC5A00D4B05A /* WishlistViewModelProtocol.swift */,
			);
			path = ViewModel;
			sourceTree = "<group>";
		};
		D2B8A43B2A56CC7200D4B05A /* ViewModel */ = {
			isa = PBXGroup;
			children = (
				D2260B12295F1B8800E93500 /* MoviePageViewModel.swift */,
				D2B8A43C2A56CC8700D4B05A /* MoviePageViewModelProtocol.swift */,
			);
			path = ViewModel;
			sourceTree = "<group>";
		};
		D2B8A43E2A56CCAD00D4B05A /* ViewModel */ = {
			isa = PBXGroup;
			children = (
				D21EEEE72A28D92A00957FA7 /* SettingsViewModel.swift */,
				D2B8A43F2A56CCC500D4B05A /* SettingsViewModelProtocol.swift */,
			);
			path = ViewModel;
			sourceTree = "<group>";
		};
		D2B8A4412A56CF9800D4B05A /* NetworkService */ = {
			isa = PBXGroup;
			children = (
				D2B8A4422A56CFAC00D4B05A /* NetworkServiceProtocol.swift */,
				D2AF047529487ACE0001C92A /* NetworkService.swift */,
			);
			path = NetworkService;
			sourceTree = "<group>";
		};
		D2B8A4442A56CFCC00D4B05A /* NetworkParser */ = {
			isa = PBXGroup;
			children = (
				D2B8A4452A56CFE300D4B05A /* NetworkPaserProtocol.swift */,
				D2AF047E29488D280001C92A /* NetworkParser.swift */,
			);
			path = NetworkParser;
			sourceTree = "<group>";
		};
		D2B8A4472A56D00600D4B05A /* MovieService */ = {
			isa = PBXGroup;
			children = (
				D2AF048529489CEA0001C92A /* MovieService.swift */,
				D2B8A4482A56D01A00D4B05A /* MovieServiceProtocol.swift */,
			);
			path = MovieService;
			sourceTree = "<group>";
		};
		D2B8A4562A56D2C500D4B05A /* RealmService */ = {
			isa = PBXGroup;
			children = (
				D2B8A4592A56D30200D4B05A /* Errors */,
				D2E5E94429AE10ED0024BDE2 /* RealmService.swift */,
				D2B8A4572A56D2E300D4B05A /* RealmServiceProtocol.swift */,
			);
			path = RealmService;
			sourceTree = "<group>";
		};
		D2B8A4592A56D30200D4B05A /* Errors */ = {
			isa = PBXGroup;
			children = (
				D2B8A45A2A56D31300D4B05A /* DataError.swift */,
			);
			path = Errors;
			sourceTree = "<group>";
		};
		D2B8A45C2A56D3AD00D4B05A /* Languages */ = {
			isa = PBXGroup;
			children = (
				D2B8A45D2A56D3AD00D4B05A /* SettingsLanguagesViewController.swift */,
				D2B8A45E2A56D3AD00D4B05A /* SettingsLanguageCell */,
			);
			name = Languages;
			path = Settings/Languages;
			sourceTree = "<group>";
		};
		D2B8A45E2A56D3AD00D4B05A /* SettingsLanguageCell */ = {
			isa = PBXGroup;
			children = (
				D2B8A45F2A56D3AD00D4B05A /* SettingsLanguageCell.swift */,
			);
			path = SettingsLanguageCell;
			sourceTree = "<group>";
		};
		D2B8A4642A56D53900D4B05A /* Coordinator */ = {
			isa = PBXGroup;
			children = (
				D2B8A4622A56D49E00D4B05A /* CoordinatorProtocol.swift */,
				D2570BDC295090F400E857FD /* AppCoordinatior.swift */,
			);
			path = Coordinator;
			sourceTree = "<group>";
		};
		D2B8A4672A56E8D100D4B05A /* Movies */ = {
			isa = PBXGroup;
			children = (
				D2B8A4652A56E89A00D4B05A /* MovieModelProtocol.swift */,
				D2570BD0294C736D00E857FD /* Plot.swift */,
				D2570BCE294C703C00E857FD /* MovieDetails.swift */,
				D2357DB82949FFAE00F6EE12 /* MovieSearch.swift */,
				D2AF047C29488A040001C92A /* Movie.swift */,
				D2AF047A294889F20001C92A /* Rating.swift */,
			);
			path = Movies;
			sourceTree = "<group>";
		};
		D2BB54142A1FB3CA00BA4734 /* Spinner */ = {
			isa = PBXGroup;
			children = (
				D2BB54152A1FB3FB00BA4734 /* SpinnerViewController.swift */,
			);
			path = Spinner;
			sourceTree = "<group>";
		};
		D2E5E93F29AE0B3E0024BDE2 /* RealmModels */ = {
			isa = PBXGroup;
			children = (
				D2E5E94029AE0BA30024BDE2 /* RealmMovie.swift */,
				D2E5E94229AE0D540024BDE2 /* RealmMovieSearch.swift */,
			);
			path = RealmModels;
			sourceTree = "<group>";
		};
/* End PBXGroup section */

/* Begin PBXNativeTarget section */
		D2B0D0242947640B0025B7E7 /* MovieApp */ = {
			isa = PBXNativeTarget;
			buildConfigurationList = D2B0D0392947640E0025B7E7 /* Build configuration list for PBXNativeTarget "MovieApp" */;
			buildPhases = (
				D2B0D0212947640B0025B7E7 /* Sources */,
				D2B0D0222947640B0025B7E7 /* Frameworks */,
				D2B0D0232947640B0025B7E7 /* Resources */,
			);
			buildRules = (
			);
			dependencies = (
			);
			name = MovieApp;
			packageProductDependencies = (
				D2E5E93B29AE0B330024BDE2 /* Realm */,
				D2E5E93D29AE0B330024BDE2 /* RealmSwift */,
			);
			productName = MovieApp;
			productReference = D2B0D0252947640B0025B7E7 /* MovieApp.app */;
			productType = "com.apple.product-type.application";
		};
/* End PBXNativeTarget section */

/* Begin PBXProject section */
		D2B0D01D2947640B0025B7E7 /* Project object */ = {
			isa = PBXProject;
			attributes = {
				BuildIndependentTargetsInParallel = 1;
				LastSwiftUpdateCheck = 1410;
				LastUpgradeCheck = 1410;
				TargetAttributes = {
					D2B0D0242947640B0025B7E7 = {
						CreatedOnToolsVersion = 14.1;
					};
				};
			};
			buildConfigurationList = D2B0D0202947640B0025B7E7 /* Build configuration list for PBXProject "MovieApp" */;
			compatibilityVersion = "Xcode 14.0";
			developmentRegion = en;
			hasScannedForEncodings = 0;
			knownRegions = (
				en,
				Base,
				ru,
				pl,
			);
			mainGroup = D2B0D01C2947640B0025B7E7;
			packageReferences = (
				D2E5E93A29AE0B330024BDE2 /* XCRemoteSwiftPackageReference "realm-swift" */,
			);
			productRefGroup = D2B0D0262947640B0025B7E7 /* Products */;
			projectDirPath = "";
			projectRoot = "";
			targets = (
				D2B0D0242947640B0025B7E7 /* MovieApp */,
			);
		};
/* End PBXProject section */

/* Begin PBXResourcesBuildPhase section */
		D2B0D0232947640B0025B7E7 /* Resources */ = {
			isa = PBXResourcesBuildPhase;
			buildActionMask = 2147483647;
			files = (
				D2B8A46B2A5708A800D4B05A /* JetBrainsMono-Light.ttf in Resources */,
				D2B0D0352947640E0025B7E7 /* LaunchScreen.storyboard in Resources */,
				D28E715F2A4DAB6000CA674E /* Localizable.strings in Resources */,
				D2D5E2FF29D498F2005BB3AF /* SearchMoviesViewController.xib in Resources */,
				D2E5E94929B0B95C0024BDE2 /* WishListViewController.xib in Resources */,
				D2B8A46D2A5708A800D4B05A /* JetBrainsMono-Bold.ttf in Resources */,
				D2B0D0322947640E0025B7E7 /* Assets.xcassets in Resources */,
				D2D5E2FB29D493E0005BB3AF /* Main.storyboard in Resources */,
				D2D5E30329D49A47005BB3AF /* MoviePageViewController.xib in Resources */,
				D2357DB22949D38A00F6EE12 /* MovieCell.xib in Resources */,
				D2B8A46C2A5708A800D4B05A /* JetBrainsMono-Regular.ttf in Resources */,
			);
			runOnlyForDeploymentPostprocessing = 0;
		};
/* End PBXResourcesBuildPhase section */

/* Begin PBXSourcesBuildPhase section */
		D2B0D0212947640B0025B7E7 /* Sources */ = {
			isa = PBXSourcesBuildPhase;
			buildActionMask = 2147483647;
			files = (
				D2357DB12949D38A00F6EE12 /* MovieCell.swift in Sources */,
				D2E5E94829B0B95C0024BDE2 /* WishListViewController.swift in Sources */,
				D2AF047D29488A040001C92A /* Movie.swift in Sources */,
				D2357DB92949FFAE00F6EE12 /* MovieSearch.swift in Sources */,
				D2357DB52949DBF500F6EE12 /* UIImageView+Extension.swift in Sources */,
				D2AF048429489C7B0001C92A /* SearchMovieViewModel.swift in Sources */,
				D2AF047B294889F20001C92A /* Rating.swift in Sources */,
				D2B8A4632A56D49E00D4B05A /* CoordinatorProtocol.swift in Sources */,
				D27004E82A25F49F00072DFF /* MovieListDataSource.swift in Sources */,
				D2D5E2F729D473C5005BB3AF /* Constants.swift in Sources */,
				D2570BE22951CF9B00E857FD /* SearchMovieCoordinator.swift in Sources */,
				D2EE80762A6947310008C440 /* UIColor+Extension.swift in Sources */,
				D2570BD5295070FB00E857FD /* ViewModelCreatorProtocol.swift in Sources */,
				D21EEEF12A2A1D5600957FA7 /* SettingsCoordinator.swift in Sources */,
				D21EEEEA2A28D9B000957FA7 /* SettingsOption.swift in Sources */,
				D2AF047829487B4C0001C92A /* OMDBEndpoint.swift in Sources */,
				D2B8A4492A56D01A00D4B05A /* MovieServiceProtocol.swift in Sources */,
				D28E71732A4EE49500CA674E /* SettingsSection.swift in Sources */,
				D2C79A3C2A2763DC0065DA25 /* RefreshableViewControllerProtocol.swift in Sources */,
				D21EEEEE2A28DB6600957FA7 /* SettingsCell.swift in Sources */,
				D2B8A4512A56D21000D4B05A /* WishlistViewModelCreator.swift in Sources */,
				D2B8A44B2A56D1DD00D4B05A /* SearchMovieViewModelCreator.swift in Sources */,
				D2570BD3294C740200E857FD /* String+Extension.swift in Sources */,
				D2B8A4662A56E89A00D4B05A /* MovieModelProtocol.swift in Sources */,
				D2E5E94329AE0D540024BDE2 /* RealmMovieSearch.swift in Sources */,
				D21EEEE82A28D92A00957FA7 /* SettingsViewModel.swift in Sources */,
				D2D51C802A60672500F9B7DC /* UISearchTextField+Extension.swift in Sources */,
				D2E5E94129AE0BA30024BDE2 /* RealmMovie.swift in Sources */,
				D2357DB72949DC6D00F6EE12 /* Optional+Extension.swift in Sources */,
				D2E5E94529AE10ED0024BDE2 /* RealmService.swift in Sources */,
				D21EEEFB2A41B00B00957FA7 /* MoviesTableView.swift in Sources */,
				D227302229C1E3C9003787E7 /* WishlistCoordinator.swift in Sources */,
				D21EEED62A28D17800957FA7 /* MovieListDelegate.swift in Sources */,
				D21EEEFD2A41C0FE00957FA7 /* MovieListStyle.swift in Sources */,
				D2B8A4602A56D3AD00D4B05A /* SettingsLanguagesViewController.swift in Sources */,
				D2B0D0292947640B0025B7E7 /* AppDelegate.swift in Sources */,
				D2B8A4532A56D22600D4B05A /* SettingsViewModelCreator.swift in Sources */,
				D2570BDD295090F400E857FD /* AppCoordinatior.swift in Sources */,
				D2B8A43A2A56CC5A00D4B05A /* WishlistViewModelProtocol.swift in Sources */,
				D2B8A4402A56CCC500D4B05A /* SettingsViewModelProtocol.swift in Sources */,
				D2B8A4462A56CFE300D4B05A /* NetworkPaserProtocol.swift in Sources */,
				D2B8A44F2A56D1F800D4B05A /* MoviePageViewModelCreator.swift in Sources */,
				D28E717A2A4F06A800CA674E /* UIView+Extension.swift in Sources */,
				D2D5E30229D49A47005BB3AF /* MoviePageViewController.swift in Sources */,
				D2AF047F29488D280001C92A /* NetworkParser.swift in Sources */,
				D2B8A43D2A56CC8700D4B05A /* MoviePageViewModelProtocol.swift in Sources */,
				D2B8A4612A56D3AD00D4B05A /* SettingsLanguageCell.swift in Sources */,
				D2B8A4372A56CC0000D4B05A /* SearchMovieViewModelProtocol.swift in Sources */,
				D2B8A4582A56D2E300D4B05A /* RealmServiceProtocol.swift in Sources */,
				D2D5E30529D49D86005BB3AF /* WishlistViewModel.swift in Sources */,
				D2BB54162A1FB3FB00BA4734 /* SpinnerViewController.swift in Sources */,
				D2570BE42951D47D00E857FD /* MoviePageCoordinator.swift in Sources */,
				D2B8A4552A56D2A000D4B05A /* MovieViewModelProtocol.swift in Sources */,
				D2570BD1294C736D00E857FD /* Plot.swift in Sources */,
				D2AF047629487ACE0001C92A /* NetworkService.swift in Sources */,
				D2B0D02B2947640B0025B7E7 /* SceneDelegate.swift in Sources */,
				D2260B13295F1B8800E93500 /* MoviePageViewModel.swift in Sources */,
				D2AF0482294891510001C92A /* RequestError.swift in Sources */,
				D28E71752A4EE50400CA674E /* Language.swift in Sources */,
				D28E71702A4EE2CF00CA674E /* Dictionary+Extension.swift in Sources */,
				D2637F2E2A5EEA45007F2E9D /* UIColor+Extension.swift in Sources */,
				D2AF048629489CEA0001C92A /* MovieService.swift in Sources */,
				D21EEEF42A2A452700957FA7 /* ApperanceViewController.swift in Sources */,
				D28E71652A4ED52100CA674E /* Bundle+Extension.swift in Sources */,
				D2D5E2FE29D498F2005BB3AF /* SearchMoviesViewController.swift in Sources */,
				D2B8A4432A56CFAC00D4B05A /* NetworkServiceProtocol.swift in Sources */,
				D2570BCF294C703C00E857FD /* MovieDetails.swift in Sources */,
				D2B8A45B2A56D31300D4B05A /* DataError.swift in Sources */,
				D21EEEDB2A28D29200957FA7 /* SettingsViewController.swift in Sources */,
			);
			runOnlyForDeploymentPostprocessing = 0;
		};
/* End PBXSourcesBuildPhase section */

/* Begin PBXVariantGroup section */
		D28E71612A4DAB6000CA674E /* Localizable.strings */ = {
			isa = PBXVariantGroup;
			children = (
				D28E71602A4DAB6000CA674E /* en */,
				D28E71622A4DAB6300CA674E /* pl */,
				D28E71632A4DAB6400CA674E /* ru */,
			);
			name = Localizable.strings;
			sourceTree = "<group>";
		};
		D2B0D0332947640E0025B7E7 /* LaunchScreen.storyboard */ = {
			isa = PBXVariantGroup;
			children = (
				D2B0D0342947640E0025B7E7 /* Base */,
			);
			name = LaunchScreen.storyboard;
			sourceTree = "<group>";
		};
/* End PBXVariantGroup section */

/* Begin XCBuildConfiguration section */
		D2B0D0372947640E0025B7E7 /* Debug */ = {
			isa = XCBuildConfiguration;
			buildSettings = {
				ALWAYS_SEARCH_USER_PATHS = NO;
				CLANG_ANALYZER_LOCALIZABILITY_NONLOCALIZED = YES;
				CLANG_ANALYZER_NONNULL = YES;
				CLANG_ANALYZER_NUMBER_OBJECT_CONVERSION = YES_AGGRESSIVE;
				CLANG_CXX_LANGUAGE_STANDARD = "gnu++20";
				CLANG_ENABLE_MODULES = YES;
				CLANG_ENABLE_OBJC_ARC = YES;
				CLANG_ENABLE_OBJC_WEAK = YES;
				CLANG_WARN_BLOCK_CAPTURE_AUTORELEASING = YES;
				CLANG_WARN_BOOL_CONVERSION = YES;
				CLANG_WARN_COMMA = YES;
				CLANG_WARN_CONSTANT_CONVERSION = YES;
				CLANG_WARN_DEPRECATED_OBJC_IMPLEMENTATIONS = YES;
				CLANG_WARN_DIRECT_OBJC_ISA_USAGE = YES_ERROR;
				CLANG_WARN_DOCUMENTATION_COMMENTS = YES;
				CLANG_WARN_EMPTY_BODY = YES;
				CLANG_WARN_ENUM_CONVERSION = YES;
				CLANG_WARN_INFINITE_RECURSION = YES;
				CLANG_WARN_INT_CONVERSION = YES;
				CLANG_WARN_NON_LITERAL_NULL_CONVERSION = YES;
				CLANG_WARN_OBJC_IMPLICIT_RETAIN_SELF = YES;
				CLANG_WARN_OBJC_LITERAL_CONVERSION = YES;
				CLANG_WARN_OBJC_ROOT_CLASS = YES_ERROR;
				CLANG_WARN_QUOTED_INCLUDE_IN_FRAMEWORK_HEADER = YES;
				CLANG_WARN_RANGE_LOOP_ANALYSIS = YES;
				CLANG_WARN_STRICT_PROTOTYPES = YES;
				CLANG_WARN_SUSPICIOUS_MOVE = YES;
				CLANG_WARN_UNGUARDED_AVAILABILITY = YES_AGGRESSIVE;
				CLANG_WARN_UNREACHABLE_CODE = YES;
				CLANG_WARN__DUPLICATE_METHOD_MATCH = YES;
				COPY_PHASE_STRIP = NO;
				DEBUG_INFORMATION_FORMAT = dwarf;
				ENABLE_STRICT_OBJC_MSGSEND = YES;
				ENABLE_TESTABILITY = YES;
				GCC_C_LANGUAGE_STANDARD = gnu11;
				GCC_DYNAMIC_NO_PIC = NO;
				GCC_NO_COMMON_BLOCKS = YES;
				GCC_OPTIMIZATION_LEVEL = 0;
				GCC_PREPROCESSOR_DEFINITIONS = (
					"DEBUG=1",
					"$(inherited)",
				);
				GCC_WARN_64_TO_32_BIT_CONVERSION = YES;
				GCC_WARN_ABOUT_RETURN_TYPE = YES_ERROR;
				GCC_WARN_UNDECLARED_SELECTOR = YES;
				GCC_WARN_UNINITIALIZED_AUTOS = YES_AGGRESSIVE;
				GCC_WARN_UNUSED_FUNCTION = YES;
				GCC_WARN_UNUSED_VARIABLE = YES;
				IPHONEOS_DEPLOYMENT_TARGET = 16.1;
				MTL_ENABLE_DEBUG_INFO = INCLUDE_SOURCE;
				MTL_FAST_MATH = YES;
				ONLY_ACTIVE_ARCH = YES;
				SDKROOT = iphoneos;
				SWIFT_ACTIVE_COMPILATION_CONDITIONS = DEBUG;
				SWIFT_OPTIMIZATION_LEVEL = "-Onone";
			};
			name = Debug;
		};
		D2B0D0382947640E0025B7E7 /* Release */ = {
			isa = XCBuildConfiguration;
			buildSettings = {
				ALWAYS_SEARCH_USER_PATHS = NO;
				CLANG_ANALYZER_LOCALIZABILITY_NONLOCALIZED = YES;
				CLANG_ANALYZER_NONNULL = YES;
				CLANG_ANALYZER_NUMBER_OBJECT_CONVERSION = YES_AGGRESSIVE;
				CLANG_CXX_LANGUAGE_STANDARD = "gnu++20";
				CLANG_ENABLE_MODULES = YES;
				CLANG_ENABLE_OBJC_ARC = YES;
				CLANG_ENABLE_OBJC_WEAK = YES;
				CLANG_WARN_BLOCK_CAPTURE_AUTORELEASING = YES;
				CLANG_WARN_BOOL_CONVERSION = YES;
				CLANG_WARN_COMMA = YES;
				CLANG_WARN_CONSTANT_CONVERSION = YES;
				CLANG_WARN_DEPRECATED_OBJC_IMPLEMENTATIONS = YES;
				CLANG_WARN_DIRECT_OBJC_ISA_USAGE = YES_ERROR;
				CLANG_WARN_DOCUMENTATION_COMMENTS = YES;
				CLANG_WARN_EMPTY_BODY = YES;
				CLANG_WARN_ENUM_CONVERSION = YES;
				CLANG_WARN_INFINITE_RECURSION = YES;
				CLANG_WARN_INT_CONVERSION = YES;
				CLANG_WARN_NON_LITERAL_NULL_CONVERSION = YES;
				CLANG_WARN_OBJC_IMPLICIT_RETAIN_SELF = YES;
				CLANG_WARN_OBJC_LITERAL_CONVERSION = YES;
				CLANG_WARN_OBJC_ROOT_CLASS = YES_ERROR;
				CLANG_WARN_QUOTED_INCLUDE_IN_FRAMEWORK_HEADER = YES;
				CLANG_WARN_RANGE_LOOP_ANALYSIS = YES;
				CLANG_WARN_STRICT_PROTOTYPES = YES;
				CLANG_WARN_SUSPICIOUS_MOVE = YES;
				CLANG_WARN_UNGUARDED_AVAILABILITY = YES_AGGRESSIVE;
				CLANG_WARN_UNREACHABLE_CODE = YES;
				CLANG_WARN__DUPLICATE_METHOD_MATCH = YES;
				COPY_PHASE_STRIP = NO;
				DEBUG_INFORMATION_FORMAT = "dwarf-with-dsym";
				ENABLE_NS_ASSERTIONS = NO;
				ENABLE_STRICT_OBJC_MSGSEND = YES;
				GCC_C_LANGUAGE_STANDARD = gnu11;
				GCC_NO_COMMON_BLOCKS = YES;
				GCC_WARN_64_TO_32_BIT_CONVERSION = YES;
				GCC_WARN_ABOUT_RETURN_TYPE = YES_ERROR;
				GCC_WARN_UNDECLARED_SELECTOR = YES;
				GCC_WARN_UNINITIALIZED_AUTOS = YES_AGGRESSIVE;
				GCC_WARN_UNUSED_FUNCTION = YES;
				GCC_WARN_UNUSED_VARIABLE = YES;
				IPHONEOS_DEPLOYMENT_TARGET = 16.1;
				MTL_ENABLE_DEBUG_INFO = NO;
				MTL_FAST_MATH = YES;
				SDKROOT = iphoneos;
				SWIFT_COMPILATION_MODE = wholemodule;
				SWIFT_OPTIMIZATION_LEVEL = "-O";
				VALIDATE_PRODUCT = YES;
			};
			name = Release;
		};
		D2B0D03A2947640E0025B7E7 /* Debug */ = {
			isa = XCBuildConfiguration;
			buildSettings = {
				ASSETCATALOG_COMPILER_APPICON_NAME = AppIcon;
				ASSETCATALOG_COMPILER_GLOBAL_ACCENT_COLOR_NAME = AccentColor;
				CODE_SIGN_STYLE = Automatic;
				CURRENT_PROJECT_VERSION = 1;
				DEVELOPMENT_TEAM = 6UL2YK5FHA;
				GENERATE_INFOPLIST_FILE = YES;
				INFOPLIST_FILE = MovieApp/Info.plist;
				INFOPLIST_KEY_UIApplicationSupportsIndirectInputEvents = YES;
				INFOPLIST_KEY_UILaunchStoryboardName = LaunchScreen;
				INFOPLIST_KEY_UIMainStoryboardFile = Main;
				INFOPLIST_KEY_UISupportedInterfaceOrientations_iPad = "UIInterfaceOrientationPortrait UIInterfaceOrientationPortraitUpsideDown UIInterfaceOrientationLandscapeLeft UIInterfaceOrientationLandscapeRight";
				INFOPLIST_KEY_UISupportedInterfaceOrientations_iPhone = "UIInterfaceOrientationPortrait UIInterfaceOrientationLandscapeLeft UIInterfaceOrientationLandscapeRight";
				LD_RUNPATH_SEARCH_PATHS = (
					"$(inherited)",
					"@executable_path/Frameworks",
				);
				MARKETING_VERSION = 1.0;
				PRODUCT_BUNDLE_IDENTIFIER = a.bobr.MovieApp;
				PRODUCT_NAME = "$(TARGET_NAME)";
				SWIFT_EMIT_LOC_STRINGS = YES;
				SWIFT_VERSION = 5.0;
				TARGETED_DEVICE_FAMILY = "1,2";
			};
			name = Debug;
		};
		D2B0D03B2947640E0025B7E7 /* Release */ = {
			isa = XCBuildConfiguration;
			buildSettings = {
				ASSETCATALOG_COMPILER_APPICON_NAME = AppIcon;
				ASSETCATALOG_COMPILER_GLOBAL_ACCENT_COLOR_NAME = AccentColor;
				CODE_SIGN_STYLE = Automatic;
				CURRENT_PROJECT_VERSION = 1;
				DEVELOPMENT_TEAM = 6UL2YK5FHA;
				GENERATE_INFOPLIST_FILE = YES;
				INFOPLIST_FILE = MovieApp/Info.plist;
				INFOPLIST_KEY_UIApplicationSupportsIndirectInputEvents = YES;
				INFOPLIST_KEY_UILaunchStoryboardName = LaunchScreen;
				INFOPLIST_KEY_UIMainStoryboardFile = Main;
				INFOPLIST_KEY_UISupportedInterfaceOrientations_iPad = "UIInterfaceOrientationPortrait UIInterfaceOrientationPortraitUpsideDown UIInterfaceOrientationLandscapeLeft UIInterfaceOrientationLandscapeRight";
				INFOPLIST_KEY_UISupportedInterfaceOrientations_iPhone = "UIInterfaceOrientationPortrait UIInterfaceOrientationLandscapeLeft UIInterfaceOrientationLandscapeRight";
				LD_RUNPATH_SEARCH_PATHS = (
					"$(inherited)",
					"@executable_path/Frameworks",
				);
				MARKETING_VERSION = 1.0;
				PRODUCT_BUNDLE_IDENTIFIER = a.bobr.MovieApp;
				PRODUCT_NAME = "$(TARGET_NAME)";
				SWIFT_EMIT_LOC_STRINGS = YES;
				SWIFT_VERSION = 5.0;
				TARGETED_DEVICE_FAMILY = "1,2";
			};
			name = Release;
		};
/* End XCBuildConfiguration section */

/* Begin XCConfigurationList section */
		D2B0D0202947640B0025B7E7 /* Build configuration list for PBXProject "MovieApp" */ = {
			isa = XCConfigurationList;
			buildConfigurations = (
				D2B0D0372947640E0025B7E7 /* Debug */,
				D2B0D0382947640E0025B7E7 /* Release */,
			);
			defaultConfigurationIsVisible = 0;
			defaultConfigurationName = Release;
		};
		D2B0D0392947640E0025B7E7 /* Build configuration list for PBXNativeTarget "MovieApp" */ = {
			isa = XCConfigurationList;
			buildConfigurations = (
				D2B0D03A2947640E0025B7E7 /* Debug */,
				D2B0D03B2947640E0025B7E7 /* Release */,
			);
			defaultConfigurationIsVisible = 0;
			defaultConfigurationName = Release;
		};
/* End XCConfigurationList section */

/* Begin XCRemoteSwiftPackageReference section */
		D2E5E93A29AE0B330024BDE2 /* XCRemoteSwiftPackageReference "realm-swift" */ = {
			isa = XCRemoteSwiftPackageReference;
			repositoryURL = "https://github.com/realm/realm-swift.git";
			requirement = {
				branch = master;
				kind = branch;
			};
		};
/* End XCRemoteSwiftPackageReference section */

/* Begin XCSwiftPackageProductDependency section */
		D2E5E93B29AE0B330024BDE2 /* Realm */ = {
			isa = XCSwiftPackageProductDependency;
			package = D2E5E93A29AE0B330024BDE2 /* XCRemoteSwiftPackageReference "realm-swift" */;
			productName = Realm;
		};
		D2E5E93D29AE0B330024BDE2 /* RealmSwift */ = {
			isa = XCSwiftPackageProductDependency;
			package = D2E5E93A29AE0B330024BDE2 /* XCRemoteSwiftPackageReference "realm-swift" */;
			productName = RealmSwift;
		};
/* End XCSwiftPackageProductDependency section */
	};
	rootObject = D2B0D01D2947640B0025B7E7 /* Project object */;
}
